Microsoft Visual Studio Solution File, Format Version 12.00
Project("{2150E333-8FDC-42A3-9474-1A3956D46DE8}") = "2018", "2018", "{25AFBE81-3CAC-4F65-9853-E8CFD12EDE7D}"
EndProject
Project("{FAE04EC0-301F-11D3-BF4B-00C04F79EFBC}") = "Day01", "2018\Day01\Day01.csproj", "{6AF99E61-7643-47C1-BFAE-93867B4553F4}"
EndProject
Project("{FAE04EC0-301F-11D3-BF4B-00C04F79EFBC}") = "Day02", "2018\Day02\Day02.csproj", "{D5D14B93-7F86-4B94-B5AB-58C20038C546}"
EndProject
Project("{FAE04EC0-301F-11D3-BF4B-00C04F79EFBC}") = "Day03", "2018\Day03\Day03.csproj", "{9F228BF9-6E0E-46A9-8E1F-38C14A5B2430}"
EndProject
Project("{FAE04EC0-301F-11D3-BF4B-00C04F79EFBC}") = "Day04", "2018\Day04\Day04.csproj", "{7FC6AF3A-46EC-4571-AA52-D6E3B4394F82}"
EndProject
Project("{FAE04EC0-301F-11D3-BF4B-00C04F79EFBC}") = "Day05", "2018\Day05\Day05.csproj", "{A5381B34-FC30-4038-9DDC-C0D07242A5C8}"
EndProject
Project("{FAE04EC0-301F-11D3-BF4B-00C04F79EFBC}") = "Day06", "2018\Day06\Day06.csproj", "{5D37A21B-633F-428E-8D06-2E8E74D43067}"
EndProject
Project("{FAE04EC0-301F-11D3-BF4B-00C04F79EFBC}") = "Day07", "2018\Day07\Day07.csproj", "{D0944083-A2F7-4394-9BED-5520A476815C}"
EndProject
Project("{FAE04EC0-301F-11D3-BF4B-00C04F79EFBC}") = "Day08", "2018\Day08\Day08.csproj", "{2B6DF121-6074-4D2B-9674-66F109808DD8}"
EndProject
Project("{2150E333-8FDC-42A3-9474-1A3956D46DE8}") = "2019", "2019", "{D0E1B5C8-2157-4822-AC1A-34E492DAA086}"
EndProject
Project("{2150E333-8FDC-42A3-9474-1A3956D46DE8}") = "Day1", "Day1", "{E6FEBBBF-1B15-46E1-8C8D-D75F4D674691}"
EndProject
Project("{2150E333-8FDC-42A3-9474-1A3956D46DE8}") = "Day2", "Day2", "{62C5F510-1FDF-43AB-A24D-5F22D6AA8CC6}"
EndProject
Project("{2150E333-8FDC-42A3-9474-1A3956D46DE8}") = "Day3", "Day3", "{EAF795EA-AB5E-4D01-8DBB-250F85A60B8C}"
EndProject
Project("{2150E333-8FDC-42A3-9474-1A3956D46DE8}") = "Day4", "Day4", "{096A483C-C24A-40AB-A53E-8857819E4DA6}"
EndProject
Project("{2150E333-8FDC-42A3-9474-1A3956D46DE8}") = "Day5", "Day5", "{DF09C031-EF46-47F6-91C7-976DEB893142}"
EndProject
Project("{2150E333-8FDC-42A3-9474-1A3956D46DE8}") = "Day6", "Day6", "{669EB6A6-A02E-4894-AD2F-1947CC5C4738}"
EndProject
Project("{2150E333-8FDC-42A3-9474-1A3956D46DE8}") = "Day7", "Day7", "{D29672D8-93B8-4128-A8C1-54C85D8AB1A0}"
EndProject
Project("{FAE04EC0-301F-11D3-BF4B-00C04F79EFBC}") = "Day1-RocketEquation", "2019\Day1\Day1-RocketEquation\Day1-RocketEquation.csproj", "{95290C9A-5ACA-4C9A-B091-576ABA8192AE}"
EndProject
Project("{FAE04EC0-301F-11D3-BF4B-00C04F79EFBC}") = "Day2-1202ProgramAlarm", "2019\Day2\Day2-1202ProgramAlarm\Day2-1202ProgramAlarm.csproj", "{DC63DEA9-F518-4E1D-AFCE-24A88B0382FD}"
EndProject
Project("{FAE04EC0-301F-11D3-BF4B-00C04F79EFBC}") = "Day2Tests", "2019\Day2\Day2Tests\Day2Tests.csproj", "{B4D05931-666A-4F48-ADC9-04E28A79D90C}"
EndProject
Project("{FAE04EC0-301F-11D3-BF4B-00C04F79EFBC}") = "Day3-CrossedWires", "2019\Day3\Day3-CrossedWires\Day3-CrossedWires.csproj", "{4A143D0E-FF3C-42ED-B070-35F190A3EC36}"
EndProject
Project("{FAE04EC0-301F-11D3-BF4B-00C04F79EFBC}") = "Day3Tests", "2019\Day3\Day3Tests\Day3Tests.csproj", "{F2A0366F-B1E0-485F-8215-5A275EE910FA}"
EndProject
Project("{FAE04EC0-301F-11D3-BF4B-00C04F79EFBC}") = "Day4-SecureContainer", "2019\Day4\Day4-SecureContainer\Day4-SecureContainer.csproj", "{D9D4E449-B2E7-45D6-9CFE-DE68763818F8}"
EndProject
Project("{FAE04EC0-301F-11D3-BF4B-00C04F79EFBC}") = "Day5-SunnyWithAChanceOfAsteroids", "2019\Day5\Day5-SunnyWithAChanceOfAsteroids\Day5-SunnyWithAChanceOfAsteroids.csproj", "{960A150A-14DA-46C5-9D46-BDF4F5867F7B}"
EndProject
Project("{FAE04EC0-301F-11D3-BF4B-00C04F79EFBC}") = "Day5Tests", "2019\Day5\Day5Tests\Day5Tests.csproj", "{EABBD5A8-A934-4EE9-B675-6870694C3B53}"
EndProject
Project("{FAE04EC0-301F-11D3-BF4B-00C04F79EFBC}") = "Day6-UniversalOrbitMap", "2019\Day6\Day6-UniversalOrbitMap\Day6-UniversalOrbitMap.csproj", "{5ED275ED-2AF3-49F3-8A1C-6F2765463C09}"
EndProject
Project("{FAE04EC0-301F-11D3-BF4B-00C04F79EFBC}") = "Day6Tests", "2019\Day6\Day6Tests\Day6Tests.csproj", "{6AA64289-8C5C-4EFE-BE03-27F6460ADF70}"
EndProject
Project("{FAE04EC0-301F-11D3-BF4B-00C04F79EFBC}") = "Day7-AmplificationCircuit", "2019\Day7\Day7-AmplificationCircuit\Day7-AmplificationCircuit.csproj", "{C2ABE5B3-79D9-4406-BA0E-C673A0B97207}"
EndProject
Project("{FAE04EC0-301F-11D3-BF4B-00C04F79EFBC}") = "Day7Tests", "2019\Day7\Day7Tests\Day7Tests.csproj", "{13315B91-AA3E-41ED-B2AA-001F13DBDD52}"
EndProject
Project("{2150E333-8FDC-42A3-9474-1A3956D46DE8}") = "Intcode", "Intcode", "{34AC0ABD-3854-4B56-89D3-3EA90E830FAD}"
EndProject
Project("{FAE04EC0-301F-11D3-BF4B-00C04F79EFBC}") = "Intcode", "2019\Intcode\Intcode.csproj", "{9C7FA76E-F073-4E43-B483-2F6482E430FE}"
EndProject
Project("{FAE04EC0-301F-11D3-BF4B-00C04F79EFBC}") = "Intcode.Tests", "2019\IntcodeTests\Intcode.Tests.csproj", "{FCE07000-85BC-46A9-92EC-6A5AD13D9D55}"
EndProject
Project("{2150E333-8FDC-42A3-9474-1A3956D46DE8}") = "Day8", "Day8", "{BFD44E40-0147-4FC7-969A-24FE391C22B6}"
EndProject
Project("{2150E333-8FDC-42A3-9474-1A3956D46DE8}") = "Day9", "Day9", "{21DA9D8A-15D5-409E-9D44-CE7436DAE028}"
EndProject
Project("{2150E333-8FDC-42A3-9474-1A3956D46DE8}") = "Day10", "Day10", "{57CBD047-24DF-4D28-8955-244B2455858B}"
EndProject
Project("{FAE04EC0-301F-11D3-BF4B-00C04F79EFBC}") = "Day8-SpaceImageFormat", "2019\Day8\Day8-SpaceImageFormat\Day8-SpaceImageFormat.csproj", "{0F7D90F9-B452-429F-B901-A14B027CF092}"
EndProject
Project("{FAE04EC0-301F-11D3-BF4B-00C04F79EFBC}") = "Day9-SensorBoost", "2019\Day9\Day9-SensorBoost\Day9-SensorBoost.csproj", "{6CD62112-3391-428E-B929-9B7FDE97FFBB}"
EndProject
Project("{FAE04EC0-301F-11D3-BF4B-00C04F79EFBC}") = "Day10-MonitoringStation", "2019\Day10\Day10-MonitoringStation\Day10-MonitoringStation.csproj", "{74E3D400-9239-4ADA-94BF-01A663F29B4E}"
EndProject
Project("{FAE04EC0-301F-11D3-BF4B-00C04F79EFBC}") = "Day10Tests", "2019\Day10\Day10Tests\Day10Tests.csproj", "{CB4C55DD-DB56-4355-9AC3-D5DC257BBB2C}"
EndProject
Project("{2150E333-8FDC-42A3-9474-1A3956D46DE8}") = "Day11", "Day11", "{CADB252C-65C8-4308-81A0-9AD22F63A866}"
EndProject
Project("{2150E333-8FDC-42A3-9474-1A3956D46DE8}") = "Day12", "Day12", "{5EB322B6-0CB5-41D8-8E26-F8C375897554}"
EndProject
Project("{FAE04EC0-301F-11D3-BF4B-00C04F79EFBC}") = "Day11-SpacePolice", "2019\Day11\Day11-SpacePolice\Day11-SpacePolice.csproj", "{E866E873-15F4-4601-A006-E6FA6FD2F886}"
EndProject
Project("{FAE04EC0-301F-11D3-BF4B-00C04F79EFBC}") = "Day12-NBodyProblem", "2019\Day12\Day12-NBodyProblem\Day12-NBodyProblem.csproj", "{7D5EE6AD-CFDB-4A25-AC1D-F202FA56C95E}"
EndProject
Project("{FAE04EC0-301F-11D3-BF4B-00C04F79EFBC}") = "Day12Tests", "2019\Day12\Day12Tests\Day12Tests.csproj", "{F7CB25E3-D198-4F39-A2FB-5229FC42081F}"
EndProject
Project("{2150E333-8FDC-42A3-9474-1A3956D46DE8}") = "2020", "2020", "{93194303-1AB1-4CDF-B7B2-EDB633374393}"
EndProject
Project("{2150E333-8FDC-42A3-9474-1A3956D46DE8}") = "Day1", "Day1", "{70A2F5EC-0D46-481F-91BA-DB8BC810B2DC}"
EndProject
Project("{2150E333-8FDC-42A3-9474-1A3956D46DE8}") = "Day2", "Day2", "{D484D50F-6A84-4D4B-88D2-AF3D6F203C5E}"
EndProject
Project("{2150E333-8FDC-42A3-9474-1A3956D46DE8}") = "Day3", "Day3", "{546D5299-6D45-4C51-BE1E-A03CC9522AE8}"
EndProject
Project("{2150E333-8FDC-42A3-9474-1A3956D46DE8}") = "Day4", "Day4", "{B85A7BC4-5537-4503-85E9-3B32605890D1}"
EndProject
Project("{2150E333-8FDC-42A3-9474-1A3956D46DE8}") = "Day5", "Day5", "{BA3D1BDB-0F59-4A85-BFA3-816FE6356D54}"
EndProject
Project("{FAE04EC0-301F-11D3-BF4B-00C04F79EFBC}") = "Day01", "2020\Day01\Day01.csproj", "{0AACFF58-195B-4B7B-80D7-C56FF907A4AC}"
EndProject
Project("{FAE04EC0-301F-11D3-BF4B-00C04F79EFBC}") = "Day02", "2020\Day02\Day02.csproj", "{1C749051-6BDF-4DD9-8484-FB3125769284}"
EndProject
Project("{FAE04EC0-301F-11D3-BF4B-00C04F79EFBC}") = "Day03", "2020\Day03\Day03.csproj", "{8B887BC7-CCA5-4E81-BC3A-19D4FF86D448}"
EndProject
Project("{FAE04EC0-301F-11D3-BF4B-00C04F79EFBC}") = "Day04", "2020\Day04\Day04.csproj", "{62510A40-8A87-4308-8A9D-28E242589852}"
EndProject
Project("{FAE04EC0-301F-11D3-BF4B-00C04F79EFBC}") = "Day05", "2020\Day05\Day05.csproj", "{5E24EBFE-D220-4E66-AD05-A42AF16F0625}"
EndProject
Project("{2150E333-8FDC-42A3-9474-1A3956D46DE8}") = "Day6", "Day6", "{903A1347-C50A-4525-B60A-6B9B7FE54949}"
EndProject
Project("{2150E333-8FDC-42A3-9474-1A3956D46DE8}") = "Day7", "Day7", "{D3DD5569-8025-49E1-89E0-851D065C0D72}"
EndProject
Project("{2150E333-8FDC-42A3-9474-1A3956D46DE8}") = "Day8", "Day8", "{215CB545-6844-4F04-A552-CBF5AEF0F5BB}"
EndProject
Project("{FAE04EC0-301F-11D3-BF4B-00C04F79EFBC}") = "Day06", "2020\Day06\Day06.csproj", "{1677929A-265B-4F36-8D96-F7AE693B27CE}"
EndProject
Project("{FAE04EC0-301F-11D3-BF4B-00C04F79EFBC}") = "Day07", "2020\Day07\Day07.csproj", "{235EF2FC-3B20-4267-8C86-834CC065A275}"
EndProject
Project("{FAE04EC0-301F-11D3-BF4B-00C04F79EFBC}") = "Day07.Test", "2020\Day07.Test\Day07.Test.csproj", "{3B3584E3-DA14-40B1-86EE-2ACB24591A2B}"
EndProject
Project("{FAE04EC0-301F-11D3-BF4B-00C04F79EFBC}") = "Day08", "2020\Day08\Day08.csproj", "{70DC40ED-F60D-4320-B180-AB7417564A21}"
EndProject
Project("{2150E333-8FDC-42A3-9474-1A3956D46DE8}") = "Day9", "Day9", "{CECF69EC-1FC3-4E23-BC5B-7EA91C60F5B7}"
EndProject
Project("{2150E333-8FDC-42A3-9474-1A3956D46DE8}") = "Day10", "Day10", "{48011A14-6688-4DCF-8EC0-15C1DB4E4133}"
EndProject
Project("{2150E333-8FDC-42A3-9474-1A3956D46DE8}") = "Day11", "Day11", "{04BD6E3D-136B-449B-BE61-E2A25000BED0}"
EndProject
Project("{2150E333-8FDC-42A3-9474-1A3956D46DE8}") = "Day12", "Day12", "{F2D7391B-FD45-41DF-9C6B-4D046AD5E306}"
EndProject
Project("{2150E333-8FDC-42A3-9474-1A3956D46DE8}") = "Day13", "Day13", "{D280A6F7-FF54-4659-BC99-9A07C6E2A214}"
EndProject
Project("{2150E333-8FDC-42A3-9474-1A3956D46DE8}") = "Day14", "Day14", "{CFF8B17C-07EE-4256-9715-D93784BB7C41}"
EndProject
Project("{2150E333-8FDC-42A3-9474-1A3956D46DE8}") = "Day15", "Day15", "{550EB96B-C8AF-4867-98D7-DA43A19F24B1}"
EndProject
Project("{2150E333-8FDC-42A3-9474-1A3956D46DE8}") = "Day16", "Day16", "{A03E5F61-33D1-4EB0-A550-3965CA3C616C}"
EndProject
Project("{2150E333-8FDC-42A3-9474-1A3956D46DE8}") = "Day17", "Day17", "{94CC6262-BB60-4C52-AF13-C787543600C9}"
	ProjectSection(SolutionItems) = preProject
		2020\Day17\input.txt = 2020\Day17\input.txt
		2020\Day17\notes.txt = 2020\Day17\notes.txt
		2020\Day17\partone.py = 2020\Day17\partone.py
		2020\Day17\parttwo.py = 2020\Day17\parttwo.py
	EndProjectSection
EndProject
Project("{2150E333-8FDC-42A3-9474-1A3956D46DE8}") = "Day18", "Day18", "{20F99374-47A9-4A11-99AB-001F5B584F4F}"
EndProject
Project("{FAE04EC0-301F-11D3-BF4B-00C04F79EFBC}") = "Day09", "2020\Day09\Day09.csproj", "{B23B6D7E-EC64-45E0-BB84-00EB50719E9E}"
EndProject
Project("{FAE04EC0-301F-11D3-BF4B-00C04F79EFBC}") = "Day10", "2020\Day10\Day10.csproj", "{8B7CC94E-F15E-48D5-B49F-98A8BC7D828F}"
EndProject
Project("{FAE04EC0-301F-11D3-BF4B-00C04F79EFBC}") = "Day11", "2020\Day11\Day11.csproj", "{C5103F97-6AD6-43BC-9EE2-F3B2A7C19B1E}"
EndProject
Project("{FAE04EC0-301F-11D3-BF4B-00C04F79EFBC}") = "Day11.Test", "2020\Day11.Test\Day11.Test.csproj", "{D5EDF516-0C6F-41F9-99D2-FB2A9909F9FD}"
EndProject
Project("{FAE04EC0-301F-11D3-BF4B-00C04F79EFBC}") = "Day12", "2020\Day12\Day12.csproj", "{DD70D81A-FCDC-42B6-BDEC-17831F2A3803}"
EndProject
Project("{FAE04EC0-301F-11D3-BF4B-00C04F79EFBC}") = "Day13", "2020\Day13\Day13.csproj", "{81667C11-9C63-4491-9BE5-3EF85FC99C31}"
EndProject
Project("{FAE04EC0-301F-11D3-BF4B-00C04F79EFBC}") = "Day14", "2020\Day14\Day14.csproj", "{E35157B8-0D65-462E-910C-0B4D8C4BB4D4}"
EndProject
Project("{FAE04EC0-301F-11D3-BF4B-00C04F79EFBC}") = "Day15", "2020\Day15\Day15.csproj", "{5F2E6F92-4DFB-4F98-9555-A424CEC56660}"
EndProject
Project("{FAE04EC0-301F-11D3-BF4B-00C04F79EFBC}") = "Day16", "2020\Day16\Day16.csproj", "{D865B30F-99B7-4C4F-A279-05CF9ADD7859}"
EndProject
Project("{FAE04EC0-301F-11D3-BF4B-00C04F79EFBC}") = "Day18", "2020\Day18\Day18.csproj", "{524EA9AF-23BF-4139-87CB-995934F3D80A}"
EndProject
Project("{FAE04EC0-301F-11D3-BF4B-00C04F79EFBC}") = "Day18.Test", "2020\Day18.Test\Day18.Test.csproj", "{E6016B46-6523-4493-BDFC-DA71294DB2B2}"
EndProject
Project("{2150E333-8FDC-42A3-9474-1A3956D46DE8}") = "2021", "2021", "{58ED9549-317B-4B0F-93F8-7E26F86DE800}"
EndProject
Project("{2150E333-8FDC-42A3-9474-1A3956D46DE8}") = "Day1", "Day1", "{710042A1-5925-4547-8BCF-1ED50341C65C}"
EndProject
Project("{FAE04EC0-301F-11D3-BF4B-00C04F79EFBC}") = "Day01", "2021\Day1\Day01.csproj", "{2A0FCDBD-D1D6-4D28-B34C-456D4AEFE705}"
EndProject
Project("{2150E333-8FDC-42A3-9474-1A3956D46DE8}") = "Common", "Common", "{C83FB366-D67C-4257-9912-E0D1741C0A09}"
EndProject
Project("{FAE04EC0-301F-11D3-BF4B-00C04F79EFBC}") = "Common", "2021\Common\Common.csproj", "{87C68067-2FE2-4AAA-A5A1-82BECBD45285}"
EndProject
Project("{FAE04EC0-301F-11D3-BF4B-00C04F79EFBC}") = "Common.Test", "2021\Common.Test\Common.Test.csproj", "{BC95EA93-D28C-4B35-92A9-216F8C3321BB}"
EndProject
Project("{2150E333-8FDC-42A3-9474-1A3956D46DE8}") = "Day2", "Day2", "{2EDA752C-F3AB-44D1-9A9B-8C3FDAABCE66}"
EndProject
Project("{2150E333-8FDC-42A3-9474-1A3956D46DE8}") = "Day3", "Day3", "{1AA242B4-2983-46B0-85F0-CE910963AC7D}"
EndProject
Project("{2150E333-8FDC-42A3-9474-1A3956D46DE8}") = "Day4", "Day4", "{A3CF7E95-B27E-43CE-9BE4-032F8A01AF58}"
EndProject
Project("{2150E333-8FDC-42A3-9474-1A3956D46DE8}") = "Day5", "Day5", "{CDD40BCD-742A-4EDA-845E-EFD28867E616}"
EndProject
Project("{2150E333-8FDC-42A3-9474-1A3956D46DE8}") = "Day6", "Day6", "{570FC355-68B9-447A-914E-DA6D6BA23F9C}"
EndProject
Project("{2150E333-8FDC-42A3-9474-1A3956D46DE8}") = "Day7", "Day7", "{070C9FA5-2766-4A42-BF6C-23236F70942A}"
EndProject
Project("{2150E333-8FDC-42A3-9474-1A3956D46DE8}") = "Day8", "Day8", "{65D4096B-1E01-4503-92F0-736DF0BCB484}"
EndProject
Project("{2150E333-8FDC-42A3-9474-1A3956D46DE8}") = "Day9", "Day9", "{4FE3BD5E-71B5-48D3-89DB-02A22D44D4D8}"
EndProject
Project("{2150E333-8FDC-42A3-9474-1A3956D46DE8}") = "Day10", "Day10", "{58F85CFB-5669-4A93-B522-5C6FD49CCDBA}"
EndProject
Project("{2150E333-8FDC-42A3-9474-1A3956D46DE8}") = "Day11", "Day11", "{24E4E4CB-3CBA-47EA-AEBD-2FA12F0A492A}"
EndProject
Project("{FAE04EC0-301F-11D3-BF4B-00C04F79EFBC}") = "Day02", "2021\Day2\Day02.csproj", "{7F42A323-CF52-49C6-A977-22B47B5EC0D4}"
EndProject
Project("{FAE04EC0-301F-11D3-BF4B-00C04F79EFBC}") = "Day03", "2021\Day3\Day03.csproj", "{50127F48-0CBB-47AB-9B34-C81656873B6C}"
EndProject
Project("{FAE04EC0-301F-11D3-BF4B-00C04F79EFBC}") = "Day04", "2021\Day4\Day04.csproj", "{61D46F7A-1387-45D3-9CD1-E4326B053FD3}"
EndProject
Project("{FAE04EC0-301F-11D3-BF4B-00C04F79EFBC}") = "Day04.Test", "2021\Day4.Test\Day04.Test.csproj", "{337812AD-DA37-4D0A-968D-16348E518887}"
EndProject
Project("{FAE04EC0-301F-11D3-BF4B-00C04F79EFBC}") = "Day05", "2021\Day5\Day05.csproj", "{77F66E44-7186-4295-9FB7-E728897B43B4}"
EndProject
Project("{FAE04EC0-301F-11D3-BF4B-00C04F79EFBC}") = "Day06", "2021\Day6\Day06.csproj", "{3A209089-53A8-46F3-9BD8-797D4DA9C4A0}"
EndProject
Project("{FAE04EC0-301F-11D3-BF4B-00C04F79EFBC}") = "Day07", "2021\Day7\Day07.csproj", "{8996157C-31D1-4F4E-B014-EC7DE25DA51B}"
EndProject
Project("{FAE04EC0-301F-11D3-BF4B-00C04F79EFBC}") = "Day08", "2021\Day8\Day08.csproj", "{7FD9B23C-82F3-4AB4-927E-F7BB700E52BD}"
EndProject
Project("{FAE04EC0-301F-11D3-BF4B-00C04F79EFBC}") = "Day09", "2021\Day9\Day09.csproj", "{A1DDA90D-D254-48A9-B995-606691969ADF}"
EndProject
Project("{FAE04EC0-301F-11D3-BF4B-00C04F79EFBC}") = "Day10", "2021\Day10\Day10.csproj", "{61F5FD52-8B15-4E26-8129-770DD031FE53}"
EndProject
Project("{FAE04EC0-301F-11D3-BF4B-00C04F79EFBC}") = "Day11", "2021\Day11\Day11.csproj", "{48C52437-C20B-4149-A2F1-88042EF6C02F}"
EndProject
Project("{2150E333-8FDC-42A3-9474-1A3956D46DE8}") = "Day12", "Day12", "{76B3030E-1F21-4273-AEF7-D92AA3144BD8}"
EndProject
Project("{2150E333-8FDC-42A3-9474-1A3956D46DE8}") = "Day13", "Day13", "{ABF48275-E423-4EE0-8291-8E9708D4808D}"
EndProject
Project("{2150E333-8FDC-42A3-9474-1A3956D46DE8}") = "Day14", "Day14", "{9929FA7B-7BB2-4124-8EEA-C5D56CD628B7}"
EndProject
Project("{2150E333-8FDC-42A3-9474-1A3956D46DE8}") = "Day15", "Day15", "{CD4181ED-41B5-4985-BC17-61214E8EFFB7}"
EndProject
Project("{2150E333-8FDC-42A3-9474-1A3956D46DE8}") = "Day16", "Day16", "{CB04EF06-B0DE-4113-9038-5DB8BF243C1A}"
EndProject
Project("{FAE04EC0-301F-11D3-BF4B-00C04F79EFBC}") = "Day12", "2021\Day12\Day12.csproj", "{3734557B-55F7-4892-9BFC-034BE14E164E}"
EndProject
Project("{FAE04EC0-301F-11D3-BF4B-00C04F79EFBC}") = "Day13", "2021\Day13\Day13.csproj", "{87B9AE25-96D8-4694-A104-18FE316E8D93}"
EndProject
Project("{FAE04EC0-301F-11D3-BF4B-00C04F79EFBC}") = "Day14", "2021\Day14\Day14.csproj", "{BDEE5579-2519-4984-8E07-6A798F7CB2FB}"
EndProject
Project("{FAE04EC0-301F-11D3-BF4B-00C04F79EFBC}") = "Day15", "2021\Day15\Day15.csproj", "{A5B24D8D-CAF5-4F53-9AA0-7CD7AE760682}"
EndProject
Project("{FAE04EC0-301F-11D3-BF4B-00C04F79EFBC}") = "Day16", "2021\Day16\Day16.csproj", "{312C0B10-1153-4E5F-9AC6-77714463ED2C}"
EndProject
Project("{FAE04EC0-301F-11D3-BF4B-00C04F79EFBC}") = "Day16.Test", "2021\Day16.Test\Day16.Test.csproj", "{5CA5474E-9DC7-44A7-976A-AAF0DBFDF0F1}"
EndProject
Project("{2150E333-8FDC-42A3-9474-1A3956D46DE8}") = "2022", "2022", "{EFA149E1-1F58-48A8-AB48-92A3E3EE3B76}"
EndProject
Project("{2150E333-8FDC-42A3-9474-1A3956D46DE8}") = "Day1", "Day1", "{5BDA3BFB-A3D3-4746-854E-28AC9605B3EB}"
EndProject
Project("{2150E333-8FDC-42A3-9474-1A3956D46DE8}") = "Day2", "Day2", "{1CEA24E2-647B-4220-BF14-B80F8D3C7CE7}"
EndProject
Project("{2150E333-8FDC-42A3-9474-1A3956D46DE8}") = "Day3", "Day3", "{C1ACA0C0-17A6-419A-B2C8-5FAA08773D61}"
EndProject
Project("{2150E333-8FDC-42A3-9474-1A3956D46DE8}") = "Day4", "Day4", "{C63851C0-2F47-4D19-8BA6-814C73593A4A}"
EndProject
Project("{2150E333-8FDC-42A3-9474-1A3956D46DE8}") = "Day5", "Day5", "{9EDBB1F4-F8EC-4566-A425-7CD16533044E}"
EndProject
Project("{2150E333-8FDC-42A3-9474-1A3956D46DE8}") = "Day6", "Day6", "{593EF125-746D-4867-9081-08E7F18E1DAA}"
EndProject
Project("{FAE04EC0-301F-11D3-BF4B-00C04F79EFBC}") = "Day01", "2022\Day01\Day01.csproj", "{28DD2100-D555-4208-B96F-4A35B5F2C63B}"
EndProject
Project("{FAE04EC0-301F-11D3-BF4B-00C04F79EFBC}") = "Day02", "2022\Day02\Day02.csproj", "{B1B619C9-1550-41E6-8B78-85491787599A}"
EndProject
Project("{FAE04EC0-301F-11D3-BF4B-00C04F79EFBC}") = "Day03", "2022\Day03\Day03.csproj", "{194693C6-C618-4503-BC32-93A0E7B1961C}"
EndProject
Project("{FAE04EC0-301F-11D3-BF4B-00C04F79EFBC}") = "Day04", "2022\Day04\Day04.csproj", "{239D987B-BEDE-42DD-9BEB-D50684BEC702}"
EndProject
Project("{FAE04EC0-301F-11D3-BF4B-00C04F79EFBC}") = "Day05", "2022\Day05\Day05.csproj", "{C59A60F1-D55F-41C7-A20A-66901A9207AF}"
EndProject
Project("{FAE04EC0-301F-11D3-BF4B-00C04F79EFBC}") = "Day06", "2022\Day06\Day06.csproj", "{BDAA1799-60EA-49B5-B1AC-942F70E5E446}"
EndProject
Project("{2150E333-8FDC-42A3-9474-1A3956D46DE8}") = "Day7", "Day7", "{A114626A-CD6A-4107-B3D5-888CD2211137}"
EndProject
Project("{FAE04EC0-301F-11D3-BF4B-00C04F79EFBC}") = "Day07", "2022\Day07\Day07.csproj", "{8E8B87A7-5F8C-4BB9-8475-84AB23F37F54}"
EndProject
Project("{2150E333-8FDC-42A3-9474-1A3956D46DE8}") = "Day8", "Day8", "{AE8211EC-7B34-486E-9863-ECE65028F143}"
EndProject
Project("{FAE04EC0-301F-11D3-BF4B-00C04F79EFBC}") = "Day08", "2022\Day08\Day08.csproj", "{266FF739-BFE9-4814-B816-D6490A87B355}"
EndProject
Project("{2150E333-8FDC-42A3-9474-1A3956D46DE8}") = "Day9", "Day9", "{3148E242-286A-4A92-AAEA-32366C80641F}"
EndProject
Project("{FAE04EC0-301F-11D3-BF4B-00C04F79EFBC}") = "Day09", "2022\Day09\Day09.csproj", "{DED9D3DD-2DA4-4C12-9F27-D680A966C599}"
EndProject
Project("{2150E333-8FDC-42A3-9474-1A3956D46DE8}") = "Day10", "Day10", "{1505D4BE-5FF3-4B30-8B83-387EF39C9273}"
EndProject
Project("{FAE04EC0-301F-11D3-BF4B-00C04F79EFBC}") = "Day10", "2022\Day10\Day10.csproj", "{31F34E16-D806-4EA8-BF1E-00C92E19AA59}"
EndProject
Project("{2150E333-8FDC-42A3-9474-1A3956D46DE8}") = "Day11", "Day11", "{FAB2D357-E233-45D6-A21D-8536609D3D71}"
EndProject
Project("{FAE04EC0-301F-11D3-BF4B-00C04F79EFBC}") = "Day11", "2022\Day11\Day11.csproj", "{4E40D230-8715-4A60-A7FD-3D5ADCC21E08}"
EndProject
Project("{2150E333-8FDC-42A3-9474-1A3956D46DE8}") = "Day12", "Day12", "{519FA740-39D4-493B-BA23-D106532B4675}"
EndProject
Project("{FAE04EC0-301F-11D3-BF4B-00C04F79EFBC}") = "Day12", "2022\Day12\Day12.csproj", "{46B655D4-A815-4EF0-B89F-F355A3133E81}"
EndProject
Project("{FAE04EC0-301F-11D3-BF4B-00C04F79EFBC}") = "Day09", "2018\Day09\Day09.csproj", "{BC127EB5-4BF3-46B0-84BB-582606864F92}"
EndProject
Project("{FAE04EC0-301F-11D3-BF4B-00C04F79EFBC}") = "Day10", "2018\Day10\Day10.csproj", "{247D8D12-C472-4C31-9B1A-98BC6481905D}"
EndProject
Global
	GlobalSection(SolutionConfigurationPlatforms) = preSolution
		Debug|Any CPU = Debug|Any CPU
		Release|Any CPU = Release|Any CPU
	EndGlobalSection
	GlobalSection(ProjectConfigurationPlatforms) = postSolution
		{6AF99E61-7643-47C1-BFAE-93867B4553F4}.Debug|Any CPU.ActiveCfg = Debug|Any CPU
		{6AF99E61-7643-47C1-BFAE-93867B4553F4}.Debug|Any CPU.Build.0 = Debug|Any CPU
		{6AF99E61-7643-47C1-BFAE-93867B4553F4}.Release|Any CPU.ActiveCfg = Release|Any CPU
		{6AF99E61-7643-47C1-BFAE-93867B4553F4}.Release|Any CPU.Build.0 = Release|Any CPU
		{D5D14B93-7F86-4B94-B5AB-58C20038C546}.Debug|Any CPU.ActiveCfg = Debug|Any CPU
		{D5D14B93-7F86-4B94-B5AB-58C20038C546}.Debug|Any CPU.Build.0 = Debug|Any CPU
		{D5D14B93-7F86-4B94-B5AB-58C20038C546}.Release|Any CPU.ActiveCfg = Release|Any CPU
		{D5D14B93-7F86-4B94-B5AB-58C20038C546}.Release|Any CPU.Build.0 = Release|Any CPU
		{9F228BF9-6E0E-46A9-8E1F-38C14A5B2430}.Debug|Any CPU.ActiveCfg = Debug|Any CPU
		{9F228BF9-6E0E-46A9-8E1F-38C14A5B2430}.Debug|Any CPU.Build.0 = Debug|Any CPU
		{9F228BF9-6E0E-46A9-8E1F-38C14A5B2430}.Release|Any CPU.ActiveCfg = Release|Any CPU
		{9F228BF9-6E0E-46A9-8E1F-38C14A5B2430}.Release|Any CPU.Build.0 = Release|Any CPU
		{7FC6AF3A-46EC-4571-AA52-D6E3B4394F82}.Debug|Any CPU.ActiveCfg = Debug|Any CPU
		{7FC6AF3A-46EC-4571-AA52-D6E3B4394F82}.Debug|Any CPU.Build.0 = Debug|Any CPU
		{7FC6AF3A-46EC-4571-AA52-D6E3B4394F82}.Release|Any CPU.ActiveCfg = Release|Any CPU
		{7FC6AF3A-46EC-4571-AA52-D6E3B4394F82}.Release|Any CPU.Build.0 = Release|Any CPU
		{A5381B34-FC30-4038-9DDC-C0D07242A5C8}.Debug|Any CPU.ActiveCfg = Debug|Any CPU
		{A5381B34-FC30-4038-9DDC-C0D07242A5C8}.Debug|Any CPU.Build.0 = Debug|Any CPU
		{A5381B34-FC30-4038-9DDC-C0D07242A5C8}.Release|Any CPU.ActiveCfg = Release|Any CPU
		{A5381B34-FC30-4038-9DDC-C0D07242A5C8}.Release|Any CPU.Build.0 = Release|Any CPU
		{5D37A21B-633F-428E-8D06-2E8E74D43067}.Debug|Any CPU.ActiveCfg = Debug|Any CPU
		{5D37A21B-633F-428E-8D06-2E8E74D43067}.Debug|Any CPU.Build.0 = Debug|Any CPU
		{5D37A21B-633F-428E-8D06-2E8E74D43067}.Release|Any CPU.ActiveCfg = Release|Any CPU
		{5D37A21B-633F-428E-8D06-2E8E74D43067}.Release|Any CPU.Build.0 = Release|Any CPU
		{D0944083-A2F7-4394-9BED-5520A476815C}.Debug|Any CPU.ActiveCfg = Debug|Any CPU
		{D0944083-A2F7-4394-9BED-5520A476815C}.Debug|Any CPU.Build.0 = Debug|Any CPU
		{D0944083-A2F7-4394-9BED-5520A476815C}.Release|Any CPU.ActiveCfg = Release|Any CPU
		{D0944083-A2F7-4394-9BED-5520A476815C}.Release|Any CPU.Build.0 = Release|Any CPU
		{2B6DF121-6074-4D2B-9674-66F109808DD8}.Debug|Any CPU.ActiveCfg = Debug|Any CPU
		{2B6DF121-6074-4D2B-9674-66F109808DD8}.Debug|Any CPU.Build.0 = Debug|Any CPU
		{2B6DF121-6074-4D2B-9674-66F109808DD8}.Release|Any CPU.ActiveCfg = Release|Any CPU
		{2B6DF121-6074-4D2B-9674-66F109808DD8}.Release|Any CPU.Build.0 = Release|Any CPU
		{95290C9A-5ACA-4C9A-B091-576ABA8192AE}.Debug|Any CPU.ActiveCfg = Debug|Any CPU
		{95290C9A-5ACA-4C9A-B091-576ABA8192AE}.Debug|Any CPU.Build.0 = Debug|Any CPU
		{95290C9A-5ACA-4C9A-B091-576ABA8192AE}.Release|Any CPU.ActiveCfg = Release|Any CPU
		{95290C9A-5ACA-4C9A-B091-576ABA8192AE}.Release|Any CPU.Build.0 = Release|Any CPU
		{DC63DEA9-F518-4E1D-AFCE-24A88B0382FD}.Debug|Any CPU.ActiveCfg = Debug|Any CPU
		{DC63DEA9-F518-4E1D-AFCE-24A88B0382FD}.Debug|Any CPU.Build.0 = Debug|Any CPU
		{DC63DEA9-F518-4E1D-AFCE-24A88B0382FD}.Release|Any CPU.ActiveCfg = Release|Any CPU
		{DC63DEA9-F518-4E1D-AFCE-24A88B0382FD}.Release|Any CPU.Build.0 = Release|Any CPU
		{B4D05931-666A-4F48-ADC9-04E28A79D90C}.Debug|Any CPU.ActiveCfg = Debug|Any CPU
		{B4D05931-666A-4F48-ADC9-04E28A79D90C}.Debug|Any CPU.Build.0 = Debug|Any CPU
		{B4D05931-666A-4F48-ADC9-04E28A79D90C}.Release|Any CPU.ActiveCfg = Release|Any CPU
		{B4D05931-666A-4F48-ADC9-04E28A79D90C}.Release|Any CPU.Build.0 = Release|Any CPU
		{4A143D0E-FF3C-42ED-B070-35F190A3EC36}.Debug|Any CPU.ActiveCfg = Debug|Any CPU
		{4A143D0E-FF3C-42ED-B070-35F190A3EC36}.Debug|Any CPU.Build.0 = Debug|Any CPU
		{4A143D0E-FF3C-42ED-B070-35F190A3EC36}.Release|Any CPU.ActiveCfg = Release|Any CPU
		{4A143D0E-FF3C-42ED-B070-35F190A3EC36}.Release|Any CPU.Build.0 = Release|Any CPU
		{F2A0366F-B1E0-485F-8215-5A275EE910FA}.Debug|Any CPU.ActiveCfg = Debug|Any CPU
		{F2A0366F-B1E0-485F-8215-5A275EE910FA}.Debug|Any CPU.Build.0 = Debug|Any CPU
		{F2A0366F-B1E0-485F-8215-5A275EE910FA}.Release|Any CPU.ActiveCfg = Release|Any CPU
		{F2A0366F-B1E0-485F-8215-5A275EE910FA}.Release|Any CPU.Build.0 = Release|Any CPU
		{D9D4E449-B2E7-45D6-9CFE-DE68763818F8}.Debug|Any CPU.ActiveCfg = Debug|Any CPU
		{D9D4E449-B2E7-45D6-9CFE-DE68763818F8}.Debug|Any CPU.Build.0 = Debug|Any CPU
		{D9D4E449-B2E7-45D6-9CFE-DE68763818F8}.Release|Any CPU.ActiveCfg = Release|Any CPU
		{D9D4E449-B2E7-45D6-9CFE-DE68763818F8}.Release|Any CPU.Build.0 = Release|Any CPU
		{960A150A-14DA-46C5-9D46-BDF4F5867F7B}.Debug|Any CPU.ActiveCfg = Debug|Any CPU
		{960A150A-14DA-46C5-9D46-BDF4F5867F7B}.Debug|Any CPU.Build.0 = Debug|Any CPU
		{960A150A-14DA-46C5-9D46-BDF4F5867F7B}.Release|Any CPU.ActiveCfg = Release|Any CPU
		{960A150A-14DA-46C5-9D46-BDF4F5867F7B}.Release|Any CPU.Build.0 = Release|Any CPU
		{EABBD5A8-A934-4EE9-B675-6870694C3B53}.Debug|Any CPU.ActiveCfg = Debug|Any CPU
		{EABBD5A8-A934-4EE9-B675-6870694C3B53}.Debug|Any CPU.Build.0 = Debug|Any CPU
		{EABBD5A8-A934-4EE9-B675-6870694C3B53}.Release|Any CPU.ActiveCfg = Release|Any CPU
		{EABBD5A8-A934-4EE9-B675-6870694C3B53}.Release|Any CPU.Build.0 = Release|Any CPU
		{5ED275ED-2AF3-49F3-8A1C-6F2765463C09}.Debug|Any CPU.ActiveCfg = Debug|Any CPU
		{5ED275ED-2AF3-49F3-8A1C-6F2765463C09}.Debug|Any CPU.Build.0 = Debug|Any CPU
		{5ED275ED-2AF3-49F3-8A1C-6F2765463C09}.Release|Any CPU.ActiveCfg = Release|Any CPU
		{5ED275ED-2AF3-49F3-8A1C-6F2765463C09}.Release|Any CPU.Build.0 = Release|Any CPU
		{6AA64289-8C5C-4EFE-BE03-27F6460ADF70}.Debug|Any CPU.ActiveCfg = Debug|Any CPU
		{6AA64289-8C5C-4EFE-BE03-27F6460ADF70}.Debug|Any CPU.Build.0 = Debug|Any CPU
		{6AA64289-8C5C-4EFE-BE03-27F6460ADF70}.Release|Any CPU.ActiveCfg = Release|Any CPU
		{6AA64289-8C5C-4EFE-BE03-27F6460ADF70}.Release|Any CPU.Build.0 = Release|Any CPU
		{C2ABE5B3-79D9-4406-BA0E-C673A0B97207}.Debug|Any CPU.ActiveCfg = Debug|Any CPU
		{C2ABE5B3-79D9-4406-BA0E-C673A0B97207}.Debug|Any CPU.Build.0 = Debug|Any CPU
		{C2ABE5B3-79D9-4406-BA0E-C673A0B97207}.Release|Any CPU.ActiveCfg = Release|Any CPU
		{C2ABE5B3-79D9-4406-BA0E-C673A0B97207}.Release|Any CPU.Build.0 = Release|Any CPU
		{13315B91-AA3E-41ED-B2AA-001F13DBDD52}.Debug|Any CPU.ActiveCfg = Debug|Any CPU
		{13315B91-AA3E-41ED-B2AA-001F13DBDD52}.Debug|Any CPU.Build.0 = Debug|Any CPU
		{13315B91-AA3E-41ED-B2AA-001F13DBDD52}.Release|Any CPU.ActiveCfg = Release|Any CPU
		{13315B91-AA3E-41ED-B2AA-001F13DBDD52}.Release|Any CPU.Build.0 = Release|Any CPU
		{9C7FA76E-F073-4E43-B483-2F6482E430FE}.Debug|Any CPU.ActiveCfg = Debug|Any CPU
		{9C7FA76E-F073-4E43-B483-2F6482E430FE}.Debug|Any CPU.Build.0 = Debug|Any CPU
		{9C7FA76E-F073-4E43-B483-2F6482E430FE}.Release|Any CPU.ActiveCfg = Release|Any CPU
		{9C7FA76E-F073-4E43-B483-2F6482E430FE}.Release|Any CPU.Build.0 = Release|Any CPU
		{FCE07000-85BC-46A9-92EC-6A5AD13D9D55}.Debug|Any CPU.ActiveCfg = Debug|Any CPU
		{FCE07000-85BC-46A9-92EC-6A5AD13D9D55}.Debug|Any CPU.Build.0 = Debug|Any CPU
		{FCE07000-85BC-46A9-92EC-6A5AD13D9D55}.Release|Any CPU.ActiveCfg = Release|Any CPU
		{FCE07000-85BC-46A9-92EC-6A5AD13D9D55}.Release|Any CPU.Build.0 = Release|Any CPU
		{0F7D90F9-B452-429F-B901-A14B027CF092}.Debug|Any CPU.ActiveCfg = Debug|Any CPU
		{0F7D90F9-B452-429F-B901-A14B027CF092}.Debug|Any CPU.Build.0 = Debug|Any CPU
		{0F7D90F9-B452-429F-B901-A14B027CF092}.Release|Any CPU.ActiveCfg = Release|Any CPU
		{0F7D90F9-B452-429F-B901-A14B027CF092}.Release|Any CPU.Build.0 = Release|Any CPU
		{6CD62112-3391-428E-B929-9B7FDE97FFBB}.Debug|Any CPU.ActiveCfg = Debug|Any CPU
		{6CD62112-3391-428E-B929-9B7FDE97FFBB}.Debug|Any CPU.Build.0 = Debug|Any CPU
		{6CD62112-3391-428E-B929-9B7FDE97FFBB}.Release|Any CPU.ActiveCfg = Release|Any CPU
		{6CD62112-3391-428E-B929-9B7FDE97FFBB}.Release|Any CPU.Build.0 = Release|Any CPU
		{74E3D400-9239-4ADA-94BF-01A663F29B4E}.Debug|Any CPU.ActiveCfg = Debug|Any CPU
		{74E3D400-9239-4ADA-94BF-01A663F29B4E}.Debug|Any CPU.Build.0 = Debug|Any CPU
		{74E3D400-9239-4ADA-94BF-01A663F29B4E}.Release|Any CPU.ActiveCfg = Release|Any CPU
		{74E3D400-9239-4ADA-94BF-01A663F29B4E}.Release|Any CPU.Build.0 = Release|Any CPU
		{CB4C55DD-DB56-4355-9AC3-D5DC257BBB2C}.Debug|Any CPU.ActiveCfg = Debug|Any CPU
		{CB4C55DD-DB56-4355-9AC3-D5DC257BBB2C}.Debug|Any CPU.Build.0 = Debug|Any CPU
		{CB4C55DD-DB56-4355-9AC3-D5DC257BBB2C}.Release|Any CPU.ActiveCfg = Release|Any CPU
		{CB4C55DD-DB56-4355-9AC3-D5DC257BBB2C}.Release|Any CPU.Build.0 = Release|Any CPU
		{E866E873-15F4-4601-A006-E6FA6FD2F886}.Debug|Any CPU.ActiveCfg = Debug|Any CPU
		{E866E873-15F4-4601-A006-E6FA6FD2F886}.Debug|Any CPU.Build.0 = Debug|Any CPU
		{E866E873-15F4-4601-A006-E6FA6FD2F886}.Release|Any CPU.ActiveCfg = Release|Any CPU
		{E866E873-15F4-4601-A006-E6FA6FD2F886}.Release|Any CPU.Build.0 = Release|Any CPU
		{7D5EE6AD-CFDB-4A25-AC1D-F202FA56C95E}.Debug|Any CPU.ActiveCfg = Debug|Any CPU
		{7D5EE6AD-CFDB-4A25-AC1D-F202FA56C95E}.Debug|Any CPU.Build.0 = Debug|Any CPU
		{7D5EE6AD-CFDB-4A25-AC1D-F202FA56C95E}.Release|Any CPU.ActiveCfg = Release|Any CPU
		{7D5EE6AD-CFDB-4A25-AC1D-F202FA56C95E}.Release|Any CPU.Build.0 = Release|Any CPU
		{F7CB25E3-D198-4F39-A2FB-5229FC42081F}.Debug|Any CPU.ActiveCfg = Debug|Any CPU
		{F7CB25E3-D198-4F39-A2FB-5229FC42081F}.Debug|Any CPU.Build.0 = Debug|Any CPU
		{F7CB25E3-D198-4F39-A2FB-5229FC42081F}.Release|Any CPU.ActiveCfg = Release|Any CPU
		{F7CB25E3-D198-4F39-A2FB-5229FC42081F}.Release|Any CPU.Build.0 = Release|Any CPU
		{0AACFF58-195B-4B7B-80D7-C56FF907A4AC}.Debug|Any CPU.ActiveCfg = Debug|Any CPU
		{0AACFF58-195B-4B7B-80D7-C56FF907A4AC}.Debug|Any CPU.Build.0 = Debug|Any CPU
		{0AACFF58-195B-4B7B-80D7-C56FF907A4AC}.Release|Any CPU.ActiveCfg = Release|Any CPU
		{0AACFF58-195B-4B7B-80D7-C56FF907A4AC}.Release|Any CPU.Build.0 = Release|Any CPU
		{1C749051-6BDF-4DD9-8484-FB3125769284}.Debug|Any CPU.ActiveCfg = Debug|Any CPU
		{1C749051-6BDF-4DD9-8484-FB3125769284}.Debug|Any CPU.Build.0 = Debug|Any CPU
		{1C749051-6BDF-4DD9-8484-FB3125769284}.Release|Any CPU.ActiveCfg = Release|Any CPU
		{1C749051-6BDF-4DD9-8484-FB3125769284}.Release|Any CPU.Build.0 = Release|Any CPU
		{8B887BC7-CCA5-4E81-BC3A-19D4FF86D448}.Debug|Any CPU.ActiveCfg = Debug|Any CPU
		{8B887BC7-CCA5-4E81-BC3A-19D4FF86D448}.Debug|Any CPU.Build.0 = Debug|Any CPU
		{8B887BC7-CCA5-4E81-BC3A-19D4FF86D448}.Release|Any CPU.ActiveCfg = Release|Any CPU
		{8B887BC7-CCA5-4E81-BC3A-19D4FF86D448}.Release|Any CPU.Build.0 = Release|Any CPU
		{62510A40-8A87-4308-8A9D-28E242589852}.Debug|Any CPU.ActiveCfg = Debug|Any CPU
		{62510A40-8A87-4308-8A9D-28E242589852}.Debug|Any CPU.Build.0 = Debug|Any CPU
		{62510A40-8A87-4308-8A9D-28E242589852}.Release|Any CPU.ActiveCfg = Release|Any CPU
		{62510A40-8A87-4308-8A9D-28E242589852}.Release|Any CPU.Build.0 = Release|Any CPU
		{5E24EBFE-D220-4E66-AD05-A42AF16F0625}.Debug|Any CPU.ActiveCfg = Debug|Any CPU
		{5E24EBFE-D220-4E66-AD05-A42AF16F0625}.Debug|Any CPU.Build.0 = Debug|Any CPU
		{5E24EBFE-D220-4E66-AD05-A42AF16F0625}.Release|Any CPU.ActiveCfg = Release|Any CPU
		{5E24EBFE-D220-4E66-AD05-A42AF16F0625}.Release|Any CPU.Build.0 = Release|Any CPU
		{1677929A-265B-4F36-8D96-F7AE693B27CE}.Debug|Any CPU.ActiveCfg = Debug|Any CPU
		{1677929A-265B-4F36-8D96-F7AE693B27CE}.Debug|Any CPU.Build.0 = Debug|Any CPU
		{1677929A-265B-4F36-8D96-F7AE693B27CE}.Release|Any CPU.ActiveCfg = Release|Any CPU
		{1677929A-265B-4F36-8D96-F7AE693B27CE}.Release|Any CPU.Build.0 = Release|Any CPU
		{235EF2FC-3B20-4267-8C86-834CC065A275}.Debug|Any CPU.ActiveCfg = Debug|Any CPU
		{235EF2FC-3B20-4267-8C86-834CC065A275}.Debug|Any CPU.Build.0 = Debug|Any CPU
		{235EF2FC-3B20-4267-8C86-834CC065A275}.Release|Any CPU.ActiveCfg = Release|Any CPU
		{235EF2FC-3B20-4267-8C86-834CC065A275}.Release|Any CPU.Build.0 = Release|Any CPU
		{3B3584E3-DA14-40B1-86EE-2ACB24591A2B}.Debug|Any CPU.ActiveCfg = Debug|Any CPU
		{3B3584E3-DA14-40B1-86EE-2ACB24591A2B}.Debug|Any CPU.Build.0 = Debug|Any CPU
		{3B3584E3-DA14-40B1-86EE-2ACB24591A2B}.Release|Any CPU.ActiveCfg = Release|Any CPU
		{3B3584E3-DA14-40B1-86EE-2ACB24591A2B}.Release|Any CPU.Build.0 = Release|Any CPU
		{70DC40ED-F60D-4320-B180-AB7417564A21}.Debug|Any CPU.ActiveCfg = Debug|Any CPU
		{70DC40ED-F60D-4320-B180-AB7417564A21}.Debug|Any CPU.Build.0 = Debug|Any CPU
		{70DC40ED-F60D-4320-B180-AB7417564A21}.Release|Any CPU.ActiveCfg = Release|Any CPU
		{70DC40ED-F60D-4320-B180-AB7417564A21}.Release|Any CPU.Build.0 = Release|Any CPU
		{B23B6D7E-EC64-45E0-BB84-00EB50719E9E}.Debug|Any CPU.ActiveCfg = Debug|Any CPU
		{B23B6D7E-EC64-45E0-BB84-00EB50719E9E}.Debug|Any CPU.Build.0 = Debug|Any CPU
		{B23B6D7E-EC64-45E0-BB84-00EB50719E9E}.Release|Any CPU.ActiveCfg = Release|Any CPU
		{B23B6D7E-EC64-45E0-BB84-00EB50719E9E}.Release|Any CPU.Build.0 = Release|Any CPU
		{8B7CC94E-F15E-48D5-B49F-98A8BC7D828F}.Debug|Any CPU.ActiveCfg = Debug|Any CPU
		{8B7CC94E-F15E-48D5-B49F-98A8BC7D828F}.Debug|Any CPU.Build.0 = Debug|Any CPU
		{8B7CC94E-F15E-48D5-B49F-98A8BC7D828F}.Release|Any CPU.ActiveCfg = Release|Any CPU
		{8B7CC94E-F15E-48D5-B49F-98A8BC7D828F}.Release|Any CPU.Build.0 = Release|Any CPU
		{C5103F97-6AD6-43BC-9EE2-F3B2A7C19B1E}.Debug|Any CPU.ActiveCfg = Debug|Any CPU
		{C5103F97-6AD6-43BC-9EE2-F3B2A7C19B1E}.Debug|Any CPU.Build.0 = Debug|Any CPU
		{C5103F97-6AD6-43BC-9EE2-F3B2A7C19B1E}.Release|Any CPU.ActiveCfg = Release|Any CPU
		{C5103F97-6AD6-43BC-9EE2-F3B2A7C19B1E}.Release|Any CPU.Build.0 = Release|Any CPU
		{D5EDF516-0C6F-41F9-99D2-FB2A9909F9FD}.Debug|Any CPU.ActiveCfg = Debug|Any CPU
		{D5EDF516-0C6F-41F9-99D2-FB2A9909F9FD}.Debug|Any CPU.Build.0 = Debug|Any CPU
		{D5EDF516-0C6F-41F9-99D2-FB2A9909F9FD}.Release|Any CPU.ActiveCfg = Release|Any CPU
		{D5EDF516-0C6F-41F9-99D2-FB2A9909F9FD}.Release|Any CPU.Build.0 = Release|Any CPU
		{DD70D81A-FCDC-42B6-BDEC-17831F2A3803}.Debug|Any CPU.ActiveCfg = Debug|Any CPU
		{DD70D81A-FCDC-42B6-BDEC-17831F2A3803}.Debug|Any CPU.Build.0 = Debug|Any CPU
		{DD70D81A-FCDC-42B6-BDEC-17831F2A3803}.Release|Any CPU.ActiveCfg = Release|Any CPU
		{DD70D81A-FCDC-42B6-BDEC-17831F2A3803}.Release|Any CPU.Build.0 = Release|Any CPU
		{81667C11-9C63-4491-9BE5-3EF85FC99C31}.Debug|Any CPU.ActiveCfg = Debug|Any CPU
		{81667C11-9C63-4491-9BE5-3EF85FC99C31}.Debug|Any CPU.Build.0 = Debug|Any CPU
		{81667C11-9C63-4491-9BE5-3EF85FC99C31}.Release|Any CPU.ActiveCfg = Release|Any CPU
		{81667C11-9C63-4491-9BE5-3EF85FC99C31}.Release|Any CPU.Build.0 = Release|Any CPU
		{E35157B8-0D65-462E-910C-0B4D8C4BB4D4}.Debug|Any CPU.ActiveCfg = Debug|Any CPU
		{E35157B8-0D65-462E-910C-0B4D8C4BB4D4}.Debug|Any CPU.Build.0 = Debug|Any CPU
		{E35157B8-0D65-462E-910C-0B4D8C4BB4D4}.Release|Any CPU.ActiveCfg = Release|Any CPU
		{E35157B8-0D65-462E-910C-0B4D8C4BB4D4}.Release|Any CPU.Build.0 = Release|Any CPU
		{5F2E6F92-4DFB-4F98-9555-A424CEC56660}.Debug|Any CPU.ActiveCfg = Debug|Any CPU
		{5F2E6F92-4DFB-4F98-9555-A424CEC56660}.Debug|Any CPU.Build.0 = Debug|Any CPU
		{5F2E6F92-4DFB-4F98-9555-A424CEC56660}.Release|Any CPU.ActiveCfg = Release|Any CPU
		{5F2E6F92-4DFB-4F98-9555-A424CEC56660}.Release|Any CPU.Build.0 = Release|Any CPU
		{D865B30F-99B7-4C4F-A279-05CF9ADD7859}.Debug|Any CPU.ActiveCfg = Debug|Any CPU
		{D865B30F-99B7-4C4F-A279-05CF9ADD7859}.Debug|Any CPU.Build.0 = Debug|Any CPU
		{D865B30F-99B7-4C4F-A279-05CF9ADD7859}.Release|Any CPU.ActiveCfg = Release|Any CPU
		{D865B30F-99B7-4C4F-A279-05CF9ADD7859}.Release|Any CPU.Build.0 = Release|Any CPU
		{524EA9AF-23BF-4139-87CB-995934F3D80A}.Debug|Any CPU.ActiveCfg = Debug|Any CPU
		{524EA9AF-23BF-4139-87CB-995934F3D80A}.Debug|Any CPU.Build.0 = Debug|Any CPU
		{524EA9AF-23BF-4139-87CB-995934F3D80A}.Release|Any CPU.ActiveCfg = Release|Any CPU
		{524EA9AF-23BF-4139-87CB-995934F3D80A}.Release|Any CPU.Build.0 = Release|Any CPU
		{E6016B46-6523-4493-BDFC-DA71294DB2B2}.Debug|Any CPU.ActiveCfg = Debug|Any CPU
		{E6016B46-6523-4493-BDFC-DA71294DB2B2}.Debug|Any CPU.Build.0 = Debug|Any CPU
		{E6016B46-6523-4493-BDFC-DA71294DB2B2}.Release|Any CPU.ActiveCfg = Release|Any CPU
		{E6016B46-6523-4493-BDFC-DA71294DB2B2}.Release|Any CPU.Build.0 = Release|Any CPU
		{2A0FCDBD-D1D6-4D28-B34C-456D4AEFE705}.Debug|Any CPU.ActiveCfg = Debug|Any CPU
		{2A0FCDBD-D1D6-4D28-B34C-456D4AEFE705}.Debug|Any CPU.Build.0 = Debug|Any CPU
		{2A0FCDBD-D1D6-4D28-B34C-456D4AEFE705}.Release|Any CPU.ActiveCfg = Release|Any CPU
		{2A0FCDBD-D1D6-4D28-B34C-456D4AEFE705}.Release|Any CPU.Build.0 = Release|Any CPU
		{87C68067-2FE2-4AAA-A5A1-82BECBD45285}.Debug|Any CPU.ActiveCfg = Debug|Any CPU
		{87C68067-2FE2-4AAA-A5A1-82BECBD45285}.Debug|Any CPU.Build.0 = Debug|Any CPU
		{87C68067-2FE2-4AAA-A5A1-82BECBD45285}.Release|Any CPU.ActiveCfg = Release|Any CPU
		{87C68067-2FE2-4AAA-A5A1-82BECBD45285}.Release|Any CPU.Build.0 = Release|Any CPU
		{BC95EA93-D28C-4B35-92A9-216F8C3321BB}.Debug|Any CPU.ActiveCfg = Debug|Any CPU
		{BC95EA93-D28C-4B35-92A9-216F8C3321BB}.Debug|Any CPU.Build.0 = Debug|Any CPU
		{BC95EA93-D28C-4B35-92A9-216F8C3321BB}.Release|Any CPU.ActiveCfg = Release|Any CPU
		{BC95EA93-D28C-4B35-92A9-216F8C3321BB}.Release|Any CPU.Build.0 = Release|Any CPU
		{7F42A323-CF52-49C6-A977-22B47B5EC0D4}.Debug|Any CPU.ActiveCfg = Debug|Any CPU
		{7F42A323-CF52-49C6-A977-22B47B5EC0D4}.Debug|Any CPU.Build.0 = Debug|Any CPU
		{7F42A323-CF52-49C6-A977-22B47B5EC0D4}.Release|Any CPU.ActiveCfg = Release|Any CPU
		{7F42A323-CF52-49C6-A977-22B47B5EC0D4}.Release|Any CPU.Build.0 = Release|Any CPU
		{50127F48-0CBB-47AB-9B34-C81656873B6C}.Debug|Any CPU.ActiveCfg = Debug|Any CPU
		{50127F48-0CBB-47AB-9B34-C81656873B6C}.Debug|Any CPU.Build.0 = Debug|Any CPU
		{50127F48-0CBB-47AB-9B34-C81656873B6C}.Release|Any CPU.ActiveCfg = Release|Any CPU
		{50127F48-0CBB-47AB-9B34-C81656873B6C}.Release|Any CPU.Build.0 = Release|Any CPU
		{61D46F7A-1387-45D3-9CD1-E4326B053FD3}.Debug|Any CPU.ActiveCfg = Debug|Any CPU
		{61D46F7A-1387-45D3-9CD1-E4326B053FD3}.Debug|Any CPU.Build.0 = Debug|Any CPU
		{61D46F7A-1387-45D3-9CD1-E4326B053FD3}.Release|Any CPU.ActiveCfg = Release|Any CPU
		{61D46F7A-1387-45D3-9CD1-E4326B053FD3}.Release|Any CPU.Build.0 = Release|Any CPU
		{337812AD-DA37-4D0A-968D-16348E518887}.Debug|Any CPU.ActiveCfg = Debug|Any CPU
		{337812AD-DA37-4D0A-968D-16348E518887}.Debug|Any CPU.Build.0 = Debug|Any CPU
		{337812AD-DA37-4D0A-968D-16348E518887}.Release|Any CPU.ActiveCfg = Release|Any CPU
		{337812AD-DA37-4D0A-968D-16348E518887}.Release|Any CPU.Build.0 = Release|Any CPU
		{77F66E44-7186-4295-9FB7-E728897B43B4}.Debug|Any CPU.ActiveCfg = Debug|Any CPU
		{77F66E44-7186-4295-9FB7-E728897B43B4}.Debug|Any CPU.Build.0 = Debug|Any CPU
		{77F66E44-7186-4295-9FB7-E728897B43B4}.Release|Any CPU.ActiveCfg = Release|Any CPU
		{77F66E44-7186-4295-9FB7-E728897B43B4}.Release|Any CPU.Build.0 = Release|Any CPU
		{3A209089-53A8-46F3-9BD8-797D4DA9C4A0}.Debug|Any CPU.ActiveCfg = Debug|Any CPU
		{3A209089-53A8-46F3-9BD8-797D4DA9C4A0}.Debug|Any CPU.Build.0 = Debug|Any CPU
		{3A209089-53A8-46F3-9BD8-797D4DA9C4A0}.Release|Any CPU.ActiveCfg = Release|Any CPU
		{3A209089-53A8-46F3-9BD8-797D4DA9C4A0}.Release|Any CPU.Build.0 = Release|Any CPU
		{8996157C-31D1-4F4E-B014-EC7DE25DA51B}.Debug|Any CPU.ActiveCfg = Debug|Any CPU
		{8996157C-31D1-4F4E-B014-EC7DE25DA51B}.Debug|Any CPU.Build.0 = Debug|Any CPU
		{8996157C-31D1-4F4E-B014-EC7DE25DA51B}.Release|Any CPU.ActiveCfg = Release|Any CPU
		{8996157C-31D1-4F4E-B014-EC7DE25DA51B}.Release|Any CPU.Build.0 = Release|Any CPU
		{7FD9B23C-82F3-4AB4-927E-F7BB700E52BD}.Debug|Any CPU.ActiveCfg = Debug|Any CPU
		{7FD9B23C-82F3-4AB4-927E-F7BB700E52BD}.Debug|Any CPU.Build.0 = Debug|Any CPU
		{7FD9B23C-82F3-4AB4-927E-F7BB700E52BD}.Release|Any CPU.ActiveCfg = Release|Any CPU
		{7FD9B23C-82F3-4AB4-927E-F7BB700E52BD}.Release|Any CPU.Build.0 = Release|Any CPU
		{A1DDA90D-D254-48A9-B995-606691969ADF}.Debug|Any CPU.ActiveCfg = Debug|Any CPU
		{A1DDA90D-D254-48A9-B995-606691969ADF}.Debug|Any CPU.Build.0 = Debug|Any CPU
		{A1DDA90D-D254-48A9-B995-606691969ADF}.Release|Any CPU.ActiveCfg = Release|Any CPU
		{A1DDA90D-D254-48A9-B995-606691969ADF}.Release|Any CPU.Build.0 = Release|Any CPU
		{61F5FD52-8B15-4E26-8129-770DD031FE53}.Debug|Any CPU.ActiveCfg = Debug|Any CPU
		{61F5FD52-8B15-4E26-8129-770DD031FE53}.Debug|Any CPU.Build.0 = Debug|Any CPU
		{61F5FD52-8B15-4E26-8129-770DD031FE53}.Release|Any CPU.ActiveCfg = Release|Any CPU
		{61F5FD52-8B15-4E26-8129-770DD031FE53}.Release|Any CPU.Build.0 = Release|Any CPU
		{48C52437-C20B-4149-A2F1-88042EF6C02F}.Debug|Any CPU.ActiveCfg = Debug|Any CPU
		{48C52437-C20B-4149-A2F1-88042EF6C02F}.Debug|Any CPU.Build.0 = Debug|Any CPU
		{48C52437-C20B-4149-A2F1-88042EF6C02F}.Release|Any CPU.ActiveCfg = Release|Any CPU
		{48C52437-C20B-4149-A2F1-88042EF6C02F}.Release|Any CPU.Build.0 = Release|Any CPU
		{3734557B-55F7-4892-9BFC-034BE14E164E}.Debug|Any CPU.ActiveCfg = Debug|Any CPU
		{3734557B-55F7-4892-9BFC-034BE14E164E}.Debug|Any CPU.Build.0 = Debug|Any CPU
		{3734557B-55F7-4892-9BFC-034BE14E164E}.Release|Any CPU.ActiveCfg = Release|Any CPU
		{3734557B-55F7-4892-9BFC-034BE14E164E}.Release|Any CPU.Build.0 = Release|Any CPU
		{87B9AE25-96D8-4694-A104-18FE316E8D93}.Debug|Any CPU.ActiveCfg = Debug|Any CPU
		{87B9AE25-96D8-4694-A104-18FE316E8D93}.Debug|Any CPU.Build.0 = Debug|Any CPU
		{87B9AE25-96D8-4694-A104-18FE316E8D93}.Release|Any CPU.ActiveCfg = Release|Any CPU
		{87B9AE25-96D8-4694-A104-18FE316E8D93}.Release|Any CPU.Build.0 = Release|Any CPU
		{BDEE5579-2519-4984-8E07-6A798F7CB2FB}.Debug|Any CPU.ActiveCfg = Debug|Any CPU
		{BDEE5579-2519-4984-8E07-6A798F7CB2FB}.Debug|Any CPU.Build.0 = Debug|Any CPU
		{BDEE5579-2519-4984-8E07-6A798F7CB2FB}.Release|Any CPU.ActiveCfg = Release|Any CPU
		{BDEE5579-2519-4984-8E07-6A798F7CB2FB}.Release|Any CPU.Build.0 = Release|Any CPU
		{A5B24D8D-CAF5-4F53-9AA0-7CD7AE760682}.Debug|Any CPU.ActiveCfg = Debug|Any CPU
		{A5B24D8D-CAF5-4F53-9AA0-7CD7AE760682}.Debug|Any CPU.Build.0 = Debug|Any CPU
		{A5B24D8D-CAF5-4F53-9AA0-7CD7AE760682}.Release|Any CPU.ActiveCfg = Release|Any CPU
		{A5B24D8D-CAF5-4F53-9AA0-7CD7AE760682}.Release|Any CPU.Build.0 = Release|Any CPU
		{312C0B10-1153-4E5F-9AC6-77714463ED2C}.Debug|Any CPU.ActiveCfg = Debug|Any CPU
		{312C0B10-1153-4E5F-9AC6-77714463ED2C}.Debug|Any CPU.Build.0 = Debug|Any CPU
		{312C0B10-1153-4E5F-9AC6-77714463ED2C}.Release|Any CPU.ActiveCfg = Release|Any CPU
		{312C0B10-1153-4E5F-9AC6-77714463ED2C}.Release|Any CPU.Build.0 = Release|Any CPU
		{5CA5474E-9DC7-44A7-976A-AAF0DBFDF0F1}.Debug|Any CPU.ActiveCfg = Debug|Any CPU
		{5CA5474E-9DC7-44A7-976A-AAF0DBFDF0F1}.Debug|Any CPU.Build.0 = Debug|Any CPU
		{5CA5474E-9DC7-44A7-976A-AAF0DBFDF0F1}.Release|Any CPU.ActiveCfg = Release|Any CPU
		{5CA5474E-9DC7-44A7-976A-AAF0DBFDF0F1}.Release|Any CPU.Build.0 = Release|Any CPU
		{28DD2100-D555-4208-B96F-4A35B5F2C63B}.Debug|Any CPU.ActiveCfg = Debug|Any CPU
		{28DD2100-D555-4208-B96F-4A35B5F2C63B}.Debug|Any CPU.Build.0 = Debug|Any CPU
		{28DD2100-D555-4208-B96F-4A35B5F2C63B}.Release|Any CPU.ActiveCfg = Release|Any CPU
		{28DD2100-D555-4208-B96F-4A35B5F2C63B}.Release|Any CPU.Build.0 = Release|Any CPU
		{B1B619C9-1550-41E6-8B78-85491787599A}.Debug|Any CPU.ActiveCfg = Debug|Any CPU
		{B1B619C9-1550-41E6-8B78-85491787599A}.Debug|Any CPU.Build.0 = Debug|Any CPU
		{B1B619C9-1550-41E6-8B78-85491787599A}.Release|Any CPU.ActiveCfg = Release|Any CPU
		{B1B619C9-1550-41E6-8B78-85491787599A}.Release|Any CPU.Build.0 = Release|Any CPU
		{194693C6-C618-4503-BC32-93A0E7B1961C}.Debug|Any CPU.ActiveCfg = Debug|Any CPU
		{194693C6-C618-4503-BC32-93A0E7B1961C}.Debug|Any CPU.Build.0 = Debug|Any CPU
		{194693C6-C618-4503-BC32-93A0E7B1961C}.Release|Any CPU.ActiveCfg = Release|Any CPU
		{194693C6-C618-4503-BC32-93A0E7B1961C}.Release|Any CPU.Build.0 = Release|Any CPU
		{239D987B-BEDE-42DD-9BEB-D50684BEC702}.Debug|Any CPU.ActiveCfg = Debug|Any CPU
		{239D987B-BEDE-42DD-9BEB-D50684BEC702}.Debug|Any CPU.Build.0 = Debug|Any CPU
		{239D987B-BEDE-42DD-9BEB-D50684BEC702}.Release|Any CPU.ActiveCfg = Release|Any CPU
		{239D987B-BEDE-42DD-9BEB-D50684BEC702}.Release|Any CPU.Build.0 = Release|Any CPU
		{C59A60F1-D55F-41C7-A20A-66901A9207AF}.Debug|Any CPU.ActiveCfg = Debug|Any CPU
		{C59A60F1-D55F-41C7-A20A-66901A9207AF}.Debug|Any CPU.Build.0 = Debug|Any CPU
		{C59A60F1-D55F-41C7-A20A-66901A9207AF}.Release|Any CPU.ActiveCfg = Release|Any CPU
		{C59A60F1-D55F-41C7-A20A-66901A9207AF}.Release|Any CPU.Build.0 = Release|Any CPU
		{BDAA1799-60EA-49B5-B1AC-942F70E5E446}.Debug|Any CPU.ActiveCfg = Debug|Any CPU
		{BDAA1799-60EA-49B5-B1AC-942F70E5E446}.Debug|Any CPU.Build.0 = Debug|Any CPU
		{BDAA1799-60EA-49B5-B1AC-942F70E5E446}.Release|Any CPU.ActiveCfg = Release|Any CPU
		{BDAA1799-60EA-49B5-B1AC-942F70E5E446}.Release|Any CPU.Build.0 = Release|Any CPU
		{8E8B87A7-5F8C-4BB9-8475-84AB23F37F54}.Debug|Any CPU.ActiveCfg = Debug|Any CPU
		{8E8B87A7-5F8C-4BB9-8475-84AB23F37F54}.Debug|Any CPU.Build.0 = Debug|Any CPU
		{8E8B87A7-5F8C-4BB9-8475-84AB23F37F54}.Release|Any CPU.ActiveCfg = Release|Any CPU
		{8E8B87A7-5F8C-4BB9-8475-84AB23F37F54}.Release|Any CPU.Build.0 = Release|Any CPU
		{266FF739-BFE9-4814-B816-D6490A87B355}.Debug|Any CPU.ActiveCfg = Debug|Any CPU
		{266FF739-BFE9-4814-B816-D6490A87B355}.Debug|Any CPU.Build.0 = Debug|Any CPU
		{266FF739-BFE9-4814-B816-D6490A87B355}.Release|Any CPU.ActiveCfg = Release|Any CPU
		{266FF739-BFE9-4814-B816-D6490A87B355}.Release|Any CPU.Build.0 = Release|Any CPU
		{DED9D3DD-2DA4-4C12-9F27-D680A966C599}.Debug|Any CPU.ActiveCfg = Debug|Any CPU
		{DED9D3DD-2DA4-4C12-9F27-D680A966C599}.Debug|Any CPU.Build.0 = Debug|Any CPU
		{DED9D3DD-2DA4-4C12-9F27-D680A966C599}.Release|Any CPU.ActiveCfg = Release|Any CPU
		{DED9D3DD-2DA4-4C12-9F27-D680A966C599}.Release|Any CPU.Build.0 = Release|Any CPU
		{31F34E16-D806-4EA8-BF1E-00C92E19AA59}.Debug|Any CPU.ActiveCfg = Debug|Any CPU
		{31F34E16-D806-4EA8-BF1E-00C92E19AA59}.Debug|Any CPU.Build.0 = Debug|Any CPU
		{31F34E16-D806-4EA8-BF1E-00C92E19AA59}.Release|Any CPU.ActiveCfg = Release|Any CPU
		{31F34E16-D806-4EA8-BF1E-00C92E19AA59}.Release|Any CPU.Build.0 = Release|Any CPU
		{4E40D230-8715-4A60-A7FD-3D5ADCC21E08}.Debug|Any CPU.ActiveCfg = Debug|Any CPU
		{4E40D230-8715-4A60-A7FD-3D5ADCC21E08}.Debug|Any CPU.Build.0 = Debug|Any CPU
		{4E40D230-8715-4A60-A7FD-3D5ADCC21E08}.Release|Any CPU.ActiveCfg = Release|Any CPU
		{4E40D230-8715-4A60-A7FD-3D5ADCC21E08}.Release|Any CPU.Build.0 = Release|Any CPU
		{46B655D4-A815-4EF0-B89F-F355A3133E81}.Debug|Any CPU.ActiveCfg = Debug|Any CPU
		{46B655D4-A815-4EF0-B89F-F355A3133E81}.Debug|Any CPU.Build.0 = Debug|Any CPU
		{46B655D4-A815-4EF0-B89F-F355A3133E81}.Release|Any CPU.ActiveCfg = Release|Any CPU
		{46B655D4-A815-4EF0-B89F-F355A3133E81}.Release|Any CPU.Build.0 = Release|Any CPU
		{BC127EB5-4BF3-46B0-84BB-582606864F92}.Debug|Any CPU.ActiveCfg = Debug|Any CPU
		{BC127EB5-4BF3-46B0-84BB-582606864F92}.Debug|Any CPU.Build.0 = Debug|Any CPU
		{BC127EB5-4BF3-46B0-84BB-582606864F92}.Release|Any CPU.ActiveCfg = Release|Any CPU
		{BC127EB5-4BF3-46B0-84BB-582606864F92}.Release|Any CPU.Build.0 = Release|Any CPU
		{247D8D12-C472-4C31-9B1A-98BC6481905D}.Debug|Any CPU.ActiveCfg = Debug|Any CPU
		{247D8D12-C472-4C31-9B1A-98BC6481905D}.Debug|Any CPU.Build.0 = Debug|Any CPU
		{247D8D12-C472-4C31-9B1A-98BC6481905D}.Release|Any CPU.ActiveCfg = Release|Any CPU
		{247D8D12-C472-4C31-9B1A-98BC6481905D}.Release|Any CPU.Build.0 = Release|Any CPU
	EndGlobalSection
	GlobalSection(NestedProjects) = preSolution
		{6AF99E61-7643-47C1-BFAE-93867B4553F4} = {25AFBE81-3CAC-4F65-9853-E8CFD12EDE7D}
		{D5D14B93-7F86-4B94-B5AB-58C20038C546} = {25AFBE81-3CAC-4F65-9853-E8CFD12EDE7D}
		{9F228BF9-6E0E-46A9-8E1F-38C14A5B2430} = {25AFBE81-3CAC-4F65-9853-E8CFD12EDE7D}
		{7FC6AF3A-46EC-4571-AA52-D6E3B4394F82} = {25AFBE81-3CAC-4F65-9853-E8CFD12EDE7D}
		{A5381B34-FC30-4038-9DDC-C0D07242A5C8} = {25AFBE81-3CAC-4F65-9853-E8CFD12EDE7D}
		{5D37A21B-633F-428E-8D06-2E8E74D43067} = {25AFBE81-3CAC-4F65-9853-E8CFD12EDE7D}
		{D0944083-A2F7-4394-9BED-5520A476815C} = {25AFBE81-3CAC-4F65-9853-E8CFD12EDE7D}
		{2B6DF121-6074-4D2B-9674-66F109808DD8} = {25AFBE81-3CAC-4F65-9853-E8CFD12EDE7D}
		{E6FEBBBF-1B15-46E1-8C8D-D75F4D674691} = {D0E1B5C8-2157-4822-AC1A-34E492DAA086}
		{62C5F510-1FDF-43AB-A24D-5F22D6AA8CC6} = {D0E1B5C8-2157-4822-AC1A-34E492DAA086}
		{EAF795EA-AB5E-4D01-8DBB-250F85A60B8C} = {D0E1B5C8-2157-4822-AC1A-34E492DAA086}
		{096A483C-C24A-40AB-A53E-8857819E4DA6} = {D0E1B5C8-2157-4822-AC1A-34E492DAA086}
		{DF09C031-EF46-47F6-91C7-976DEB893142} = {D0E1B5C8-2157-4822-AC1A-34E492DAA086}
		{669EB6A6-A02E-4894-AD2F-1947CC5C4738} = {D0E1B5C8-2157-4822-AC1A-34E492DAA086}
		{D29672D8-93B8-4128-A8C1-54C85D8AB1A0} = {D0E1B5C8-2157-4822-AC1A-34E492DAA086}
		{95290C9A-5ACA-4C9A-B091-576ABA8192AE} = {E6FEBBBF-1B15-46E1-8C8D-D75F4D674691}
		{DC63DEA9-F518-4E1D-AFCE-24A88B0382FD} = {62C5F510-1FDF-43AB-A24D-5F22D6AA8CC6}
		{B4D05931-666A-4F48-ADC9-04E28A79D90C} = {62C5F510-1FDF-43AB-A24D-5F22D6AA8CC6}
		{4A143D0E-FF3C-42ED-B070-35F190A3EC36} = {EAF795EA-AB5E-4D01-8DBB-250F85A60B8C}
		{F2A0366F-B1E0-485F-8215-5A275EE910FA} = {EAF795EA-AB5E-4D01-8DBB-250F85A60B8C}
		{D9D4E449-B2E7-45D6-9CFE-DE68763818F8} = {096A483C-C24A-40AB-A53E-8857819E4DA6}
		{960A150A-14DA-46C5-9D46-BDF4F5867F7B} = {DF09C031-EF46-47F6-91C7-976DEB893142}
		{EABBD5A8-A934-4EE9-B675-6870694C3B53} = {DF09C031-EF46-47F6-91C7-976DEB893142}
		{5ED275ED-2AF3-49F3-8A1C-6F2765463C09} = {669EB6A6-A02E-4894-AD2F-1947CC5C4738}
		{6AA64289-8C5C-4EFE-BE03-27F6460ADF70} = {669EB6A6-A02E-4894-AD2F-1947CC5C4738}
		{C2ABE5B3-79D9-4406-BA0E-C673A0B97207} = {D29672D8-93B8-4128-A8C1-54C85D8AB1A0}
		{13315B91-AA3E-41ED-B2AA-001F13DBDD52} = {D29672D8-93B8-4128-A8C1-54C85D8AB1A0}
		{34AC0ABD-3854-4B56-89D3-3EA90E830FAD} = {D0E1B5C8-2157-4822-AC1A-34E492DAA086}
		{9C7FA76E-F073-4E43-B483-2F6482E430FE} = {34AC0ABD-3854-4B56-89D3-3EA90E830FAD}
		{FCE07000-85BC-46A9-92EC-6A5AD13D9D55} = {34AC0ABD-3854-4B56-89D3-3EA90E830FAD}
		{BFD44E40-0147-4FC7-969A-24FE391C22B6} = {D0E1B5C8-2157-4822-AC1A-34E492DAA086}
		{21DA9D8A-15D5-409E-9D44-CE7436DAE028} = {D0E1B5C8-2157-4822-AC1A-34E492DAA086}
		{57CBD047-24DF-4D28-8955-244B2455858B} = {D0E1B5C8-2157-4822-AC1A-34E492DAA086}
		{0F7D90F9-B452-429F-B901-A14B027CF092} = {BFD44E40-0147-4FC7-969A-24FE391C22B6}
		{6CD62112-3391-428E-B929-9B7FDE97FFBB} = {21DA9D8A-15D5-409E-9D44-CE7436DAE028}
		{74E3D400-9239-4ADA-94BF-01A663F29B4E} = {57CBD047-24DF-4D28-8955-244B2455858B}
		{CB4C55DD-DB56-4355-9AC3-D5DC257BBB2C} = {57CBD047-24DF-4D28-8955-244B2455858B}
		{CADB252C-65C8-4308-81A0-9AD22F63A866} = {D0E1B5C8-2157-4822-AC1A-34E492DAA086}
		{5EB322B6-0CB5-41D8-8E26-F8C375897554} = {D0E1B5C8-2157-4822-AC1A-34E492DAA086}
		{E866E873-15F4-4601-A006-E6FA6FD2F886} = {CADB252C-65C8-4308-81A0-9AD22F63A866}
		{7D5EE6AD-CFDB-4A25-AC1D-F202FA56C95E} = {5EB322B6-0CB5-41D8-8E26-F8C375897554}
		{F7CB25E3-D198-4F39-A2FB-5229FC42081F} = {5EB322B6-0CB5-41D8-8E26-F8C375897554}
		{70A2F5EC-0D46-481F-91BA-DB8BC810B2DC} = {93194303-1AB1-4CDF-B7B2-EDB633374393}
		{D484D50F-6A84-4D4B-88D2-AF3D6F203C5E} = {93194303-1AB1-4CDF-B7B2-EDB633374393}
		{546D5299-6D45-4C51-BE1E-A03CC9522AE8} = {93194303-1AB1-4CDF-B7B2-EDB633374393}
		{B85A7BC4-5537-4503-85E9-3B32605890D1} = {93194303-1AB1-4CDF-B7B2-EDB633374393}
		{BA3D1BDB-0F59-4A85-BFA3-816FE6356D54} = {93194303-1AB1-4CDF-B7B2-EDB633374393}
		{0AACFF58-195B-4B7B-80D7-C56FF907A4AC} = {70A2F5EC-0D46-481F-91BA-DB8BC810B2DC}
		{1C749051-6BDF-4DD9-8484-FB3125769284} = {D484D50F-6A84-4D4B-88D2-AF3D6F203C5E}
		{8B887BC7-CCA5-4E81-BC3A-19D4FF86D448} = {546D5299-6D45-4C51-BE1E-A03CC9522AE8}
		{62510A40-8A87-4308-8A9D-28E242589852} = {B85A7BC4-5537-4503-85E9-3B32605890D1}
		{5E24EBFE-D220-4E66-AD05-A42AF16F0625} = {BA3D1BDB-0F59-4A85-BFA3-816FE6356D54}
		{903A1347-C50A-4525-B60A-6B9B7FE54949} = {93194303-1AB1-4CDF-B7B2-EDB633374393}
		{D3DD5569-8025-49E1-89E0-851D065C0D72} = {93194303-1AB1-4CDF-B7B2-EDB633374393}
		{215CB545-6844-4F04-A552-CBF5AEF0F5BB} = {93194303-1AB1-4CDF-B7B2-EDB633374393}
		{1677929A-265B-4F36-8D96-F7AE693B27CE} = {903A1347-C50A-4525-B60A-6B9B7FE54949}
		{235EF2FC-3B20-4267-8C86-834CC065A275} = {D3DD5569-8025-49E1-89E0-851D065C0D72}
		{3B3584E3-DA14-40B1-86EE-2ACB24591A2B} = {D3DD5569-8025-49E1-89E0-851D065C0D72}
		{70DC40ED-F60D-4320-B180-AB7417564A21} = {215CB545-6844-4F04-A552-CBF5AEF0F5BB}
		{CECF69EC-1FC3-4E23-BC5B-7EA91C60F5B7} = {93194303-1AB1-4CDF-B7B2-EDB633374393}
		{48011A14-6688-4DCF-8EC0-15C1DB4E4133} = {93194303-1AB1-4CDF-B7B2-EDB633374393}
		{04BD6E3D-136B-449B-BE61-E2A25000BED0} = {93194303-1AB1-4CDF-B7B2-EDB633374393}
		{F2D7391B-FD45-41DF-9C6B-4D046AD5E306} = {93194303-1AB1-4CDF-B7B2-EDB633374393}
		{D280A6F7-FF54-4659-BC99-9A07C6E2A214} = {93194303-1AB1-4CDF-B7B2-EDB633374393}
		{CFF8B17C-07EE-4256-9715-D93784BB7C41} = {93194303-1AB1-4CDF-B7B2-EDB633374393}
		{550EB96B-C8AF-4867-98D7-DA43A19F24B1} = {93194303-1AB1-4CDF-B7B2-EDB633374393}
		{A03E5F61-33D1-4EB0-A550-3965CA3C616C} = {93194303-1AB1-4CDF-B7B2-EDB633374393}
		{94CC6262-BB60-4C52-AF13-C787543600C9} = {93194303-1AB1-4CDF-B7B2-EDB633374393}
		{20F99374-47A9-4A11-99AB-001F5B584F4F} = {93194303-1AB1-4CDF-B7B2-EDB633374393}
		{B23B6D7E-EC64-45E0-BB84-00EB50719E9E} = {CECF69EC-1FC3-4E23-BC5B-7EA91C60F5B7}
		{8B7CC94E-F15E-48D5-B49F-98A8BC7D828F} = {48011A14-6688-4DCF-8EC0-15C1DB4E4133}
		{C5103F97-6AD6-43BC-9EE2-F3B2A7C19B1E} = {04BD6E3D-136B-449B-BE61-E2A25000BED0}
		{D5EDF516-0C6F-41F9-99D2-FB2A9909F9FD} = {04BD6E3D-136B-449B-BE61-E2A25000BED0}
		{DD70D81A-FCDC-42B6-BDEC-17831F2A3803} = {F2D7391B-FD45-41DF-9C6B-4D046AD5E306}
		{81667C11-9C63-4491-9BE5-3EF85FC99C31} = {D280A6F7-FF54-4659-BC99-9A07C6E2A214}
		{E35157B8-0D65-462E-910C-0B4D8C4BB4D4} = {CFF8B17C-07EE-4256-9715-D93784BB7C41}
		{5F2E6F92-4DFB-4F98-9555-A424CEC56660} = {550EB96B-C8AF-4867-98D7-DA43A19F24B1}
		{D865B30F-99B7-4C4F-A279-05CF9ADD7859} = {A03E5F61-33D1-4EB0-A550-3965CA3C616C}
		{524EA9AF-23BF-4139-87CB-995934F3D80A} = {20F99374-47A9-4A11-99AB-001F5B584F4F}
		{E6016B46-6523-4493-BDFC-DA71294DB2B2} = {20F99374-47A9-4A11-99AB-001F5B584F4F}
		{710042A1-5925-4547-8BCF-1ED50341C65C} = {58ED9549-317B-4B0F-93F8-7E26F86DE800}
		{2A0FCDBD-D1D6-4D28-B34C-456D4AEFE705} = {710042A1-5925-4547-8BCF-1ED50341C65C}
		{C83FB366-D67C-4257-9912-E0D1741C0A09} = {58ED9549-317B-4B0F-93F8-7E26F86DE800}
		{87C68067-2FE2-4AAA-A5A1-82BECBD45285} = {C83FB366-D67C-4257-9912-E0D1741C0A09}
		{BC95EA93-D28C-4B35-92A9-216F8C3321BB} = {C83FB366-D67C-4257-9912-E0D1741C0A09}
		{2EDA752C-F3AB-44D1-9A9B-8C3FDAABCE66} = {58ED9549-317B-4B0F-93F8-7E26F86DE800}
		{1AA242B4-2983-46B0-85F0-CE910963AC7D} = {58ED9549-317B-4B0F-93F8-7E26F86DE800}
		{A3CF7E95-B27E-43CE-9BE4-032F8A01AF58} = {58ED9549-317B-4B0F-93F8-7E26F86DE800}
		{CDD40BCD-742A-4EDA-845E-EFD28867E616} = {58ED9549-317B-4B0F-93F8-7E26F86DE800}
		{570FC355-68B9-447A-914E-DA6D6BA23F9C} = {58ED9549-317B-4B0F-93F8-7E26F86DE800}
		{070C9FA5-2766-4A42-BF6C-23236F70942A} = {58ED9549-317B-4B0F-93F8-7E26F86DE800}
		{65D4096B-1E01-4503-92F0-736DF0BCB484} = {58ED9549-317B-4B0F-93F8-7E26F86DE800}
		{4FE3BD5E-71B5-48D3-89DB-02A22D44D4D8} = {58ED9549-317B-4B0F-93F8-7E26F86DE800}
		{58F85CFB-5669-4A93-B522-5C6FD49CCDBA} = {58ED9549-317B-4B0F-93F8-7E26F86DE800}
		{24E4E4CB-3CBA-47EA-AEBD-2FA12F0A492A} = {58ED9549-317B-4B0F-93F8-7E26F86DE800}
		{7F42A323-CF52-49C6-A977-22B47B5EC0D4} = {2EDA752C-F3AB-44D1-9A9B-8C3FDAABCE66}
		{50127F48-0CBB-47AB-9B34-C81656873B6C} = {1AA242B4-2983-46B0-85F0-CE910963AC7D}
		{61D46F7A-1387-45D3-9CD1-E4326B053FD3} = {A3CF7E95-B27E-43CE-9BE4-032F8A01AF58}
		{337812AD-DA37-4D0A-968D-16348E518887} = {A3CF7E95-B27E-43CE-9BE4-032F8A01AF58}
		{77F66E44-7186-4295-9FB7-E728897B43B4} = {CDD40BCD-742A-4EDA-845E-EFD28867E616}
		{3A209089-53A8-46F3-9BD8-797D4DA9C4A0} = {570FC355-68B9-447A-914E-DA6D6BA23F9C}
		{8996157C-31D1-4F4E-B014-EC7DE25DA51B} = {070C9FA5-2766-4A42-BF6C-23236F70942A}
		{7FD9B23C-82F3-4AB4-927E-F7BB700E52BD} = {65D4096B-1E01-4503-92F0-736DF0BCB484}
		{A1DDA90D-D254-48A9-B995-606691969ADF} = {4FE3BD5E-71B5-48D3-89DB-02A22D44D4D8}
		{61F5FD52-8B15-4E26-8129-770DD031FE53} = {58F85CFB-5669-4A93-B522-5C6FD49CCDBA}
		{48C52437-C20B-4149-A2F1-88042EF6C02F} = {24E4E4CB-3CBA-47EA-AEBD-2FA12F0A492A}
		{76B3030E-1F21-4273-AEF7-D92AA3144BD8} = {58ED9549-317B-4B0F-93F8-7E26F86DE800}
		{ABF48275-E423-4EE0-8291-8E9708D4808D} = {58ED9549-317B-4B0F-93F8-7E26F86DE800}
		{9929FA7B-7BB2-4124-8EEA-C5D56CD628B7} = {58ED9549-317B-4B0F-93F8-7E26F86DE800}
		{CD4181ED-41B5-4985-BC17-61214E8EFFB7} = {58ED9549-317B-4B0F-93F8-7E26F86DE800}
		{CB04EF06-B0DE-4113-9038-5DB8BF243C1A} = {58ED9549-317B-4B0F-93F8-7E26F86DE800}
		{3734557B-55F7-4892-9BFC-034BE14E164E} = {76B3030E-1F21-4273-AEF7-D92AA3144BD8}
		{87B9AE25-96D8-4694-A104-18FE316E8D93} = {ABF48275-E423-4EE0-8291-8E9708D4808D}
		{BDEE5579-2519-4984-8E07-6A798F7CB2FB} = {9929FA7B-7BB2-4124-8EEA-C5D56CD628B7}
		{A5B24D8D-CAF5-4F53-9AA0-7CD7AE760682} = {CD4181ED-41B5-4985-BC17-61214E8EFFB7}
		{312C0B10-1153-4E5F-9AC6-77714463ED2C} = {CB04EF06-B0DE-4113-9038-5DB8BF243C1A}
		{5CA5474E-9DC7-44A7-976A-AAF0DBFDF0F1} = {CB04EF06-B0DE-4113-9038-5DB8BF243C1A}
		{5BDA3BFB-A3D3-4746-854E-28AC9605B3EB} = {EFA149E1-1F58-48A8-AB48-92A3E3EE3B76}
		{1CEA24E2-647B-4220-BF14-B80F8D3C7CE7} = {EFA149E1-1F58-48A8-AB48-92A3E3EE3B76}
		{C1ACA0C0-17A6-419A-B2C8-5FAA08773D61} = {EFA149E1-1F58-48A8-AB48-92A3E3EE3B76}
		{C63851C0-2F47-4D19-8BA6-814C73593A4A} = {EFA149E1-1F58-48A8-AB48-92A3E3EE3B76}
		{9EDBB1F4-F8EC-4566-A425-7CD16533044E} = {EFA149E1-1F58-48A8-AB48-92A3E3EE3B76}
		{593EF125-746D-4867-9081-08E7F18E1DAA} = {EFA149E1-1F58-48A8-AB48-92A3E3EE3B76}
		{28DD2100-D555-4208-B96F-4A35B5F2C63B} = {5BDA3BFB-A3D3-4746-854E-28AC9605B3EB}
		{B1B619C9-1550-41E6-8B78-85491787599A} = {1CEA24E2-647B-4220-BF14-B80F8D3C7CE7}
		{194693C6-C618-4503-BC32-93A0E7B1961C} = {C1ACA0C0-17A6-419A-B2C8-5FAA08773D61}
		{239D987B-BEDE-42DD-9BEB-D50684BEC702} = {C63851C0-2F47-4D19-8BA6-814C73593A4A}
		{C59A60F1-D55F-41C7-A20A-66901A9207AF} = {9EDBB1F4-F8EC-4566-A425-7CD16533044E}
		{BDAA1799-60EA-49B5-B1AC-942F70E5E446} = {593EF125-746D-4867-9081-08E7F18E1DAA}
		{A114626A-CD6A-4107-B3D5-888CD2211137} = {EFA149E1-1F58-48A8-AB48-92A3E3EE3B76}
		{8E8B87A7-5F8C-4BB9-8475-84AB23F37F54} = {A114626A-CD6A-4107-B3D5-888CD2211137}
		{AE8211EC-7B34-486E-9863-ECE65028F143} = {EFA149E1-1F58-48A8-AB48-92A3E3EE3B76}
		{266FF739-BFE9-4814-B816-D6490A87B355} = {AE8211EC-7B34-486E-9863-ECE65028F143}
		{3148E242-286A-4A92-AAEA-32366C80641F} = {EFA149E1-1F58-48A8-AB48-92A3E3EE3B76}
		{DED9D3DD-2DA4-4C12-9F27-D680A966C599} = {3148E242-286A-4A92-AAEA-32366C80641F}
		{1505D4BE-5FF3-4B30-8B83-387EF39C9273} = {EFA149E1-1F58-48A8-AB48-92A3E3EE3B76}
		{31F34E16-D806-4EA8-BF1E-00C92E19AA59} = {1505D4BE-5FF3-4B30-8B83-387EF39C9273}
		{FAB2D357-E233-45D6-A21D-8536609D3D71} = {EFA149E1-1F58-48A8-AB48-92A3E3EE3B76}
		{4E40D230-8715-4A60-A7FD-3D5ADCC21E08} = {FAB2D357-E233-45D6-A21D-8536609D3D71}
		{519FA740-39D4-493B-BA23-D106532B4675} = {EFA149E1-1F58-48A8-AB48-92A3E3EE3B76}
		{46B655D4-A815-4EF0-B89F-F355A3133E81} = {519FA740-39D4-493B-BA23-D106532B4675}
		{BC127EB5-4BF3-46B0-84BB-582606864F92} = {25AFBE81-3CAC-4F65-9853-E8CFD12EDE7D}
		{247D8D12-C472-4C31-9B1A-98BC6481905D} = {25AFBE81-3CAC-4F65-9853-E8CFD12EDE7D}
	EndGlobalSection
EndGlobal
