
Microsoft Visual Studio Solution File, Format Version 12.00
# Visual Studio Version 16
VisualStudioVersion = 16.0.30717.126
MinimumVisualStudioVersion = 10.0.40219.1
Project("{9A19103F-16F7-4668-BE54-9A1E7A4F7556}") = "Day01", "Day01\Day01.csproj", "{340143EF-010A-4CE3-9203-AD37588E80DF}"
EndProject
Project("{9A19103F-16F7-4668-BE54-9A1E7A4F7556}") = "Day02", "Day02\Day02.csproj", "{EE6D0123-5253-409C-A200-13120CA233A0}"
EndProject
Project("{9A19103F-16F7-4668-BE54-9A1E7A4F7556}") = "Day03", "Day03\Day03.csproj", "{1A34B102-12CF-4002-96F7-D162F2205E00}"
EndProject
Project("{9A19103F-16F7-4668-BE54-9A1E7A4F7556}") = "Day04", "Day04\Day04.csproj", "{9C341576-AA63-4F80-B92A-D523622771E9}"
EndProject
Project("{9A19103F-16F7-4668-BE54-9A1E7A4F7556}") = "Day05", "Day05\Day05.csproj", "{7B140926-4886-483F-9E0B-306BBBD6DA75}"
EndProject
Project("{9A19103F-16F7-4668-BE54-9A1E7A4F7556}") = "Day06", "Day06\Day06.csproj", "{91F16CD4-29A9-49EB-9D9B-95FF2F49A193}"
EndProject
Project("{9A19103F-16F7-4668-BE54-9A1E7A4F7556}") = "Day07", "Day07\Day07.csproj", "{EA846EB0-9BE5-4CFC-A420-56669DECECF5}"
EndProject
Project("{9A19103F-16F7-4668-BE54-9A1E7A4F7556}") = "Day07.Test", "Day07.Test\Day07.Test.csproj", "{ED330A44-80BD-4C8D-975D-CD76C6CC7C8A}"
EndProject
Project("{9A19103F-16F7-4668-BE54-9A1E7A4F7556}") = "Day08", "Day08\Day08.csproj", "{E8AEC899-C64E-40F0-A032-C805C9319BED}"
EndProject
Project("{9A19103F-16F7-4668-BE54-9A1E7A4F7556}") = "Day09", "Day09\Day09.csproj", "{F3A4DEB3-15C9-4E37-8F71-10A191227DAD}"
EndProject
Project("{9A19103F-16F7-4668-BE54-9A1E7A4F7556}") = "Day10", "Day10\Day10.csproj", "{04A39A98-CA64-4B1B-A38E-86392D8AF1F8}"
EndProject
Project("{9A19103F-16F7-4668-BE54-9A1E7A4F7556}") = "Day11", "Day11\Day11.csproj", "{7AD81F83-14EA-41E3-9568-76BB480ABE8C}"
EndProject
Project("{FAE04EC0-301F-11D3-BF4B-00C04F79EFBC}") = "Day11.Test", "Day11.Test\Day11.Test.csproj", "{4332EF23-E3C4-411F-A247-246F980C03C9}"
EndProject
Project("{FAE04EC0-301F-11D3-BF4B-00C04F79EFBC}") = "Day12", "Day12\Day12.csproj", "{A5FAD2E8-DEA2-4BAD-B52B-ADF23ECC1BD0}"
EndProject
Project("{FAE04EC0-301F-11D3-BF4B-00C04F79EFBC}") = "Day13", "Day13\Day13.csproj", "{28956CAF-2C35-49D8-A0D9-44BAADDACC2E}"
EndProject
Global
	GlobalSection(SolutionConfigurationPlatforms) = preSolution
		Debug|Any CPU = Debug|Any CPU
		Release|Any CPU = Release|Any CPU
	EndGlobalSection
	GlobalSection(ProjectConfigurationPlatforms) = postSolution
		{340143EF-010A-4CE3-9203-AD37588E80DF}.Debug|Any CPU.ActiveCfg = Debug|Any CPU
		{340143EF-010A-4CE3-9203-AD37588E80DF}.Debug|Any CPU.Build.0 = Debug|Any CPU
		{340143EF-010A-4CE3-9203-AD37588E80DF}.Release|Any CPU.ActiveCfg = Release|Any CPU
		{340143EF-010A-4CE3-9203-AD37588E80DF}.Release|Any CPU.Build.0 = Release|Any CPU
		{EE6D0123-5253-409C-A200-13120CA233A0}.Debug|Any CPU.ActiveCfg = Debug|Any CPU
		{EE6D0123-5253-409C-A200-13120CA233A0}.Debug|Any CPU.Build.0 = Debug|Any CPU
		{EE6D0123-5253-409C-A200-13120CA233A0}.Release|Any CPU.ActiveCfg = Release|Any CPU
		{EE6D0123-5253-409C-A200-13120CA233A0}.Release|Any CPU.Build.0 = Release|Any CPU
		{1A34B102-12CF-4002-96F7-D162F2205E00}.Debug|Any CPU.ActiveCfg = Debug|Any CPU
		{1A34B102-12CF-4002-96F7-D162F2205E00}.Debug|Any CPU.Build.0 = Debug|Any CPU
		{1A34B102-12CF-4002-96F7-D162F2205E00}.Release|Any CPU.ActiveCfg = Release|Any CPU
		{1A34B102-12CF-4002-96F7-D162F2205E00}.Release|Any CPU.Build.0 = Release|Any CPU
		{9C341576-AA63-4F80-B92A-D523622771E9}.Debug|Any CPU.ActiveCfg = Debug|Any CPU
		{9C341576-AA63-4F80-B92A-D523622771E9}.Debug|Any CPU.Build.0 = Debug|Any CPU
		{9C341576-AA63-4F80-B92A-D523622771E9}.Release|Any CPU.ActiveCfg = Release|Any CPU
		{9C341576-AA63-4F80-B92A-D523622771E9}.Release|Any CPU.Build.0 = Release|Any CPU
		{7B140926-4886-483F-9E0B-306BBBD6DA75}.Debug|Any CPU.ActiveCfg = Debug|Any CPU
		{7B140926-4886-483F-9E0B-306BBBD6DA75}.Debug|Any CPU.Build.0 = Debug|Any CPU
		{7B140926-4886-483F-9E0B-306BBBD6DA75}.Release|Any CPU.ActiveCfg = Release|Any CPU
		{7B140926-4886-483F-9E0B-306BBBD6DA75}.Release|Any CPU.Build.0 = Release|Any CPU
		{91F16CD4-29A9-49EB-9D9B-95FF2F49A193}.Debug|Any CPU.ActiveCfg = Debug|Any CPU
		{91F16CD4-29A9-49EB-9D9B-95FF2F49A193}.Debug|Any CPU.Build.0 = Debug|Any CPU
		{91F16CD4-29A9-49EB-9D9B-95FF2F49A193}.Release|Any CPU.ActiveCfg = Release|Any CPU
		{91F16CD4-29A9-49EB-9D9B-95FF2F49A193}.Release|Any CPU.Build.0 = Release|Any CPU
		{EA846EB0-9BE5-4CFC-A420-56669DECECF5}.Debug|Any CPU.ActiveCfg = Debug|Any CPU
		{EA846EB0-9BE5-4CFC-A420-56669DECECF5}.Debug|Any CPU.Build.0 = Debug|Any CPU
		{EA846EB0-9BE5-4CFC-A420-56669DECECF5}.Release|Any CPU.ActiveCfg = Release|Any CPU
		{EA846EB0-9BE5-4CFC-A420-56669DECECF5}.Release|Any CPU.Build.0 = Release|Any CPU
		{ED330A44-80BD-4C8D-975D-CD76C6CC7C8A}.Debug|Any CPU.ActiveCfg = Debug|Any CPU
		{ED330A44-80BD-4C8D-975D-CD76C6CC7C8A}.Debug|Any CPU.Build.0 = Debug|Any CPU
		{ED330A44-80BD-4C8D-975D-CD76C6CC7C8A}.Release|Any CPU.ActiveCfg = Release|Any CPU
		{ED330A44-80BD-4C8D-975D-CD76C6CC7C8A}.Release|Any CPU.Build.0 = Release|Any CPU
		{E8AEC899-C64E-40F0-A032-C805C9319BED}.Debug|Any CPU.ActiveCfg = Debug|Any CPU
		{E8AEC899-C64E-40F0-A032-C805C9319BED}.Debug|Any CPU.Build.0 = Debug|Any CPU
		{E8AEC899-C64E-40F0-A032-C805C9319BED}.Release|Any CPU.ActiveCfg = Release|Any CPU
		{E8AEC899-C64E-40F0-A032-C805C9319BED}.Release|Any CPU.Build.0 = Release|Any CPU
		{F3A4DEB3-15C9-4E37-8F71-10A191227DAD}.Debug|Any CPU.ActiveCfg = Debug|Any CPU
		{F3A4DEB3-15C9-4E37-8F71-10A191227DAD}.Debug|Any CPU.Build.0 = Debug|Any CPU
		{F3A4DEB3-15C9-4E37-8F71-10A191227DAD}.Release|Any CPU.ActiveCfg = Release|Any CPU
		{F3A4DEB3-15C9-4E37-8F71-10A191227DAD}.Release|Any CPU.Build.0 = Release|Any CPU
		{04A39A98-CA64-4B1B-A38E-86392D8AF1F8}.Debug|Any CPU.ActiveCfg = Debug|Any CPU
		{04A39A98-CA64-4B1B-A38E-86392D8AF1F8}.Debug|Any CPU.Build.0 = Debug|Any CPU
		{04A39A98-CA64-4B1B-A38E-86392D8AF1F8}.Release|Any CPU.ActiveCfg = Release|Any CPU
		{04A39A98-CA64-4B1B-A38E-86392D8AF1F8}.Release|Any CPU.Build.0 = Release|Any CPU
		{7AD81F83-14EA-41E3-9568-76BB480ABE8C}.Debug|Any CPU.ActiveCfg = Debug|Any CPU
		{7AD81F83-14EA-41E3-9568-76BB480ABE8C}.Debug|Any CPU.Build.0 = Debug|Any CPU
		{7AD81F83-14EA-41E3-9568-76BB480ABE8C}.Release|Any CPU.ActiveCfg = Release|Any CPU
		{7AD81F83-14EA-41E3-9568-76BB480ABE8C}.Release|Any CPU.Build.0 = Release|Any CPU
		{4332EF23-E3C4-411F-A247-246F980C03C9}.Debug|Any CPU.ActiveCfg = Debug|Any CPU
		{4332EF23-E3C4-411F-A247-246F980C03C9}.Debug|Any CPU.Build.0 = Debug|Any CPU
		{4332EF23-E3C4-411F-A247-246F980C03C9}.Release|Any CPU.ActiveCfg = Release|Any CPU
		{4332EF23-E3C4-411F-A247-246F980C03C9}.Release|Any CPU.Build.0 = Release|Any CPU
		{A5FAD2E8-DEA2-4BAD-B52B-ADF23ECC1BD0}.Debug|Any CPU.ActiveCfg = Debug|Any CPU
		{A5FAD2E8-DEA2-4BAD-B52B-ADF23ECC1BD0}.Debug|Any CPU.Build.0 = Debug|Any CPU
		{A5FAD2E8-DEA2-4BAD-B52B-ADF23ECC1BD0}.Release|Any CPU.ActiveCfg = Release|Any CPU
		{A5FAD2E8-DEA2-4BAD-B52B-ADF23ECC1BD0}.Release|Any CPU.Build.0 = Release|Any CPU
		{28956CAF-2C35-49D8-A0D9-44BAADDACC2E}.Debug|Any CPU.ActiveCfg = Debug|Any CPU
		{28956CAF-2C35-49D8-A0D9-44BAADDACC2E}.Debug|Any CPU.Build.0 = Debug|Any CPU
		{28956CAF-2C35-49D8-A0D9-44BAADDACC2E}.Release|Any CPU.ActiveCfg = Release|Any CPU
		{28956CAF-2C35-49D8-A0D9-44BAADDACC2E}.Release|Any CPU.Build.0 = Release|Any CPU
	EndGlobalSection
	GlobalSection(SolutionProperties) = preSolution
		HideSolutionNode = FALSE
	EndGlobalSection
	GlobalSection(ExtensibilityGlobals) = postSolution
		SolutionGuid = {342A7D1D-FC26-4C38-BD9F-C7DC554B7A9E}
	EndGlobalSection
EndGlobal
