
Microsoft Visual Studio Solution File, Format Version 12.00
# Visual Studio Version 17
VisualStudioVersion = 17.0.31919.166
MinimumVisualStudioVersion = 10.0.40219.1
Project("{9A19103F-16F7-4668-BE54-9A1E7A4F7556}") = "Day01", "Day1\Day01.csproj", "{A6B1C149-B037-4157-A9D0-0113B4A05531}"
EndProject
Project("{9A19103F-16F7-4668-BE54-9A1E7A4F7556}") = "Day02", "Day2\Day02.csproj", "{B186D71C-779D-4249-8DE7-B9BFF17E645A}"
EndProject
Project("{9A19103F-16F7-4668-BE54-9A1E7A4F7556}") = "Day03", "Day3\Day03.csproj", "{2108E52D-4380-4BC1-99AD-3AEB3A14DFF8}"
EndProject
Project("{9A19103F-16F7-4668-BE54-9A1E7A4F7556}") = "Day04", "Day4\Day04.csproj", "{C1182ACC-0F59-43F4-A9FC-04D39403F425}"
EndProject
Project("{9A19103F-16F7-4668-BE54-9A1E7A4F7556}") = "Common", "Common\Common.csproj", "{79A6CC88-4C2A-4576-ADEB-AAE27FF7E93A}"
EndProject
Project("{9A19103F-16F7-4668-BE54-9A1E7A4F7556}") = "Common.Test", "Common.Test\Common.Test.csproj", "{5C28CC99-20CF-4ECE-B6F9-C4DE27DDBA5F}"
EndProject
Project("{9A19103F-16F7-4668-BE54-9A1E7A4F7556}") = "Day04.Test", "Day4.Test\Day04.Test.csproj", "{1DAAA6EC-68E5-4B5D-B825-838F117A0106}"
EndProject
Project("{9A19103F-16F7-4668-BE54-9A1E7A4F7556}") = "Day05", "Day5\Day05.csproj", "{6EF8D367-05D8-4C29-863B-1FB94DA0253D}"
EndProject
Project("{9A19103F-16F7-4668-BE54-9A1E7A4F7556}") = "Day06", "Day6\Day06.csproj", "{1AEE4E7F-4037-43D1-9FBA-05B608B83DC3}"
EndProject
Project("{9A19103F-16F7-4668-BE54-9A1E7A4F7556}") = "Day07", "Day7\Day07.csproj", "{685C456F-7628-4D8B-8B55-89DD5045B7C2}"
EndProject
Project("{9A19103F-16F7-4668-BE54-9A1E7A4F7556}") = "Day08", "Day8\Day08.csproj", "{F1F33CC7-9E6E-4C47-BE7A-34045EE28033}"
EndProject
Project("{9A19103F-16F7-4668-BE54-9A1E7A4F7556}") = "Day09", "Day9\Day09.csproj", "{1600ED7C-6FD5-4DAB-9FDB-F843A75E9CE4}"
EndProject
Project("{FAE04EC0-301F-11D3-BF4B-00C04F79EFBC}") = "Day10", "Day10\Day10.csproj", "{8FF4DE1B-31DD-4E8E-BB48-502F5EEEB9C0}"
EndProject
Global
	GlobalSection(SolutionConfigurationPlatforms) = preSolution
		Debug|Any CPU = Debug|Any CPU
		Release|Any CPU = Release|Any CPU
	EndGlobalSection
	GlobalSection(ProjectConfigurationPlatforms) = postSolution
		{A6B1C149-B037-4157-A9D0-0113B4A05531}.Debug|Any CPU.ActiveCfg = Debug|Any CPU
		{A6B1C149-B037-4157-A9D0-0113B4A05531}.Debug|Any CPU.Build.0 = Debug|Any CPU
		{A6B1C149-B037-4157-A9D0-0113B4A05531}.Release|Any CPU.ActiveCfg = Release|Any CPU
		{A6B1C149-B037-4157-A9D0-0113B4A05531}.Release|Any CPU.Build.0 = Release|Any CPU
		{B186D71C-779D-4249-8DE7-B9BFF17E645A}.Debug|Any CPU.ActiveCfg = Debug|Any CPU
		{B186D71C-779D-4249-8DE7-B9BFF17E645A}.Debug|Any CPU.Build.0 = Debug|Any CPU
		{B186D71C-779D-4249-8DE7-B9BFF17E645A}.Release|Any CPU.ActiveCfg = Release|Any CPU
		{B186D71C-779D-4249-8DE7-B9BFF17E645A}.Release|Any CPU.Build.0 = Release|Any CPU
		{2108E52D-4380-4BC1-99AD-3AEB3A14DFF8}.Debug|Any CPU.ActiveCfg = Debug|Any CPU
		{2108E52D-4380-4BC1-99AD-3AEB3A14DFF8}.Debug|Any CPU.Build.0 = Debug|Any CPU
		{2108E52D-4380-4BC1-99AD-3AEB3A14DFF8}.Release|Any CPU.ActiveCfg = Release|Any CPU
		{2108E52D-4380-4BC1-99AD-3AEB3A14DFF8}.Release|Any CPU.Build.0 = Release|Any CPU
		{C1182ACC-0F59-43F4-A9FC-04D39403F425}.Debug|Any CPU.ActiveCfg = Debug|Any CPU
		{C1182ACC-0F59-43F4-A9FC-04D39403F425}.Debug|Any CPU.Build.0 = Debug|Any CPU
		{C1182ACC-0F59-43F4-A9FC-04D39403F425}.Release|Any CPU.ActiveCfg = Release|Any CPU
		{C1182ACC-0F59-43F4-A9FC-04D39403F425}.Release|Any CPU.Build.0 = Release|Any CPU
		{79A6CC88-4C2A-4576-ADEB-AAE27FF7E93A}.Debug|Any CPU.ActiveCfg = Debug|Any CPU
		{79A6CC88-4C2A-4576-ADEB-AAE27FF7E93A}.Debug|Any CPU.Build.0 = Debug|Any CPU
		{79A6CC88-4C2A-4576-ADEB-AAE27FF7E93A}.Release|Any CPU.ActiveCfg = Release|Any CPU
		{79A6CC88-4C2A-4576-ADEB-AAE27FF7E93A}.Release|Any CPU.Build.0 = Release|Any CPU
		{5C28CC99-20CF-4ECE-B6F9-C4DE27DDBA5F}.Debug|Any CPU.ActiveCfg = Debug|Any CPU
		{5C28CC99-20CF-4ECE-B6F9-C4DE27DDBA5F}.Debug|Any CPU.Build.0 = Debug|Any CPU
		{5C28CC99-20CF-4ECE-B6F9-C4DE27DDBA5F}.Release|Any CPU.ActiveCfg = Release|Any CPU
		{5C28CC99-20CF-4ECE-B6F9-C4DE27DDBA5F}.Release|Any CPU.Build.0 = Release|Any CPU
		{1DAAA6EC-68E5-4B5D-B825-838F117A0106}.Debug|Any CPU.ActiveCfg = Debug|Any CPU
		{1DAAA6EC-68E5-4B5D-B825-838F117A0106}.Debug|Any CPU.Build.0 = Debug|Any CPU
		{1DAAA6EC-68E5-4B5D-B825-838F117A0106}.Release|Any CPU.ActiveCfg = Release|Any CPU
		{1DAAA6EC-68E5-4B5D-B825-838F117A0106}.Release|Any CPU.Build.0 = Release|Any CPU
		{6EF8D367-05D8-4C29-863B-1FB94DA0253D}.Debug|Any CPU.ActiveCfg = Debug|Any CPU
		{6EF8D367-05D8-4C29-863B-1FB94DA0253D}.Debug|Any CPU.Build.0 = Debug|Any CPU
		{6EF8D367-05D8-4C29-863B-1FB94DA0253D}.Release|Any CPU.ActiveCfg = Release|Any CPU
		{6EF8D367-05D8-4C29-863B-1FB94DA0253D}.Release|Any CPU.Build.0 = Release|Any CPU
		{1AEE4E7F-4037-43D1-9FBA-05B608B83DC3}.Debug|Any CPU.ActiveCfg = Debug|Any CPU
		{1AEE4E7F-4037-43D1-9FBA-05B608B83DC3}.Debug|Any CPU.Build.0 = Debug|Any CPU
		{1AEE4E7F-4037-43D1-9FBA-05B608B83DC3}.Release|Any CPU.ActiveCfg = Release|Any CPU
		{1AEE4E7F-4037-43D1-9FBA-05B608B83DC3}.Release|Any CPU.Build.0 = Release|Any CPU
		{685C456F-7628-4D8B-8B55-89DD5045B7C2}.Debug|Any CPU.ActiveCfg = Debug|Any CPU
		{685C456F-7628-4D8B-8B55-89DD5045B7C2}.Debug|Any CPU.Build.0 = Debug|Any CPU
		{685C456F-7628-4D8B-8B55-89DD5045B7C2}.Release|Any CPU.ActiveCfg = Release|Any CPU
		{685C456F-7628-4D8B-8B55-89DD5045B7C2}.Release|Any CPU.Build.0 = Release|Any CPU
		{F1F33CC7-9E6E-4C47-BE7A-34045EE28033}.Debug|Any CPU.ActiveCfg = Debug|Any CPU
		{F1F33CC7-9E6E-4C47-BE7A-34045EE28033}.Debug|Any CPU.Build.0 = Debug|Any CPU
		{F1F33CC7-9E6E-4C47-BE7A-34045EE28033}.Release|Any CPU.ActiveCfg = Release|Any CPU
		{F1F33CC7-9E6E-4C47-BE7A-34045EE28033}.Release|Any CPU.Build.0 = Release|Any CPU
		{1600ED7C-6FD5-4DAB-9FDB-F843A75E9CE4}.Debug|Any CPU.ActiveCfg = Debug|Any CPU
		{1600ED7C-6FD5-4DAB-9FDB-F843A75E9CE4}.Debug|Any CPU.Build.0 = Debug|Any CPU
		{1600ED7C-6FD5-4DAB-9FDB-F843A75E9CE4}.Release|Any CPU.ActiveCfg = Release|Any CPU
		{1600ED7C-6FD5-4DAB-9FDB-F843A75E9CE4}.Release|Any CPU.Build.0 = Release|Any CPU
		{8FF4DE1B-31DD-4E8E-BB48-502F5EEEB9C0}.Debug|Any CPU.ActiveCfg = Debug|Any CPU
		{8FF4DE1B-31DD-4E8E-BB48-502F5EEEB9C0}.Debug|Any CPU.Build.0 = Debug|Any CPU
		{8FF4DE1B-31DD-4E8E-BB48-502F5EEEB9C0}.Release|Any CPU.ActiveCfg = Release|Any CPU
		{8FF4DE1B-31DD-4E8E-BB48-502F5EEEB9C0}.Release|Any CPU.Build.0 = Release|Any CPU
	EndGlobalSection
	GlobalSection(SolutionProperties) = preSolution
		HideSolutionNode = FALSE
	EndGlobalSection
	GlobalSection(ExtensibilityGlobals) = postSolution
		SolutionGuid = {79423E02-A4FE-4CD7-9340-2ABD71C908AD}
	EndGlobalSection
EndGlobal
