Microsoft Visual Studio Solution File, Format Version 12.00
Project("{2150E333-8FDC-42A3-9474-1A3956D46DE8}") = "2018", "2018", "{25AFBE81-3CAC-4F65-9853-E8CFD12EDE7D}"
EndProject
Project("{FAE04EC0-301F-11D3-BF4B-00C04F79EFBC}") = "Day01", "2018\Day01\Day01.csproj", "{6AF99E61-7643-47C1-BFAE-93867B4553F4}"
EndProject
Project("{FAE04EC0-301F-11D3-BF4B-00C04F79EFBC}") = "Day02", "2018\Day02\Day02.csproj", "{D5D14B93-7F86-4B94-B5AB-58C20038C546}"
EndProject
Project("{FAE04EC0-301F-11D3-BF4B-00C04F79EFBC}") = "Day03", "2018\Day03\Day03.csproj", "{9F228BF9-6E0E-46A9-8E1F-38C14A5B2430}"
EndProject
Project("{FAE04EC0-301F-11D3-BF4B-00C04F79EFBC}") = "Day04", "2018\Day04\Day04.csproj", "{7FC6AF3A-46EC-4571-AA52-D6E3B4394F82}"
EndProject
Project("{FAE04EC0-301F-11D3-BF4B-00C04F79EFBC}") = "Day05", "2018\Day05\Day05.csproj", "{A5381B34-FC30-4038-9DDC-C0D07242A5C8}"
EndProject
Project("{FAE04EC0-301F-11D3-BF4B-00C04F79EFBC}") = "Day06", "2018\Day06\Day06.csproj", "{5D37A21B-633F-428E-8D06-2E8E74D43067}"
EndProject
Project("{FAE04EC0-301F-11D3-BF4B-00C04F79EFBC}") = "Day07", "2018\Day07\Day07.csproj", "{D0944083-A2F7-4394-9BED-5520A476815C}"
EndProject
Project("{FAE04EC0-301F-11D3-BF4B-00C04F79EFBC}") = "Day08", "2018\Day08\Day08.csproj", "{2B6DF121-6074-4D2B-9674-66F109808DD8}"
EndProject
Project("{2150E333-8FDC-42A3-9474-1A3956D46DE8}") = "2019", "2019", "{D0E1B5C8-2157-4822-AC1A-34E492DAA086}"
EndProject
Project("{2150E333-8FDC-42A3-9474-1A3956D46DE8}") = "Day01", "Day01", "{E6FEBBBF-1B15-46E1-8C8D-D75F4D674691}"
EndProject
Project("{2150E333-8FDC-42A3-9474-1A3956D46DE8}") = "Day02", "Day02", "{62C5F510-1FDF-43AB-A24D-5F22D6AA8CC6}"
EndProject
Project("{2150E333-8FDC-42A3-9474-1A3956D46DE8}") = "Day03", "Day03", "{EAF795EA-AB5E-4D01-8DBB-250F85A60B8C}"
EndProject
Project("{2150E333-8FDC-42A3-9474-1A3956D46DE8}") = "Day04", "Day04", "{096A483C-C24A-40AB-A53E-8857819E4DA6}"
EndProject
Project("{2150E333-8FDC-42A3-9474-1A3956D46DE8}") = "Day05", "Day05", "{DF09C031-EF46-47F6-91C7-976DEB893142}"
EndProject
Project("{2150E333-8FDC-42A3-9474-1A3956D46DE8}") = "Day06", "Day06", "{669EB6A6-A02E-4894-AD2F-1947CC5C4738}"
EndProject
Project("{2150E333-8FDC-42A3-9474-1A3956D46DE8}") = "Day07", "Day07", "{D29672D8-93B8-4128-A8C1-54C85D8AB1A0}"
EndProject
Project("{FAE04EC0-301F-11D3-BF4B-00C04F79EFBC}") = "Day1-RocketEquation", "2019\Day1\Day1-RocketEquation\Day1-RocketEquation.csproj", "{95290C9A-5ACA-4C9A-B091-576ABA8192AE}"
EndProject
Project("{FAE04EC0-301F-11D3-BF4B-00C04F79EFBC}") = "Day2-1202ProgramAlarm", "2019\Day2\Day2-1202ProgramAlarm\Day2-1202ProgramAlarm.csproj", "{DC63DEA9-F518-4E1D-AFCE-24A88B0382FD}"
EndProject
Project("{FAE04EC0-301F-11D3-BF4B-00C04F79EFBC}") = "Day2Tests", "2019\Day2\Day2Tests\Day2Tests.csproj", "{B4D05931-666A-4F48-ADC9-04E28A79D90C}"
EndProject
Project("{FAE04EC0-301F-11D3-BF4B-00C04F79EFBC}") = "Day3-CrossedWires", "2019\Day3\Day3-CrossedWires\Day3-CrossedWires.csproj", "{4A143D0E-FF3C-42ED-B070-35F190A3EC36}"
EndProject
Project("{FAE04EC0-301F-11D3-BF4B-00C04F79EFBC}") = "Day3Tests", "2019\Day3\Day3Tests\Day3Tests.csproj", "{F2A0366F-B1E0-485F-8215-5A275EE910FA}"
EndProject
Project("{FAE04EC0-301F-11D3-BF4B-00C04F79EFBC}") = "Day4-SecureContainer", "2019\Day4\Day4-SecureContainer\Day4-SecureContainer.csproj", "{D9D4E449-B2E7-45D6-9CFE-DE68763818F8}"
EndProject
Project("{FAE04EC0-301F-11D3-BF4B-00C04F79EFBC}") = "Day5-SunnyWithAChanceOfAsteroids", "2019\Day5\Day5-SunnyWithAChanceOfAsteroids\Day5-SunnyWithAChanceOfAsteroids.csproj", "{960A150A-14DA-46C5-9D46-BDF4F5867F7B}"
EndProject
Project("{FAE04EC0-301F-11D3-BF4B-00C04F79EFBC}") = "Day5Tests", "2019\Day5\Day5Tests\Day5Tests.csproj", "{EABBD5A8-A934-4EE9-B675-6870694C3B53}"
EndProject
Project("{FAE04EC0-301F-11D3-BF4B-00C04F79EFBC}") = "Day6-UniversalOrbitMap", "2019\Day6\Day6-UniversalOrbitMap\Day6-UniversalOrbitMap.csproj", "{5ED275ED-2AF3-49F3-8A1C-6F2765463C09}"
EndProject
Project("{FAE04EC0-301F-11D3-BF4B-00C04F79EFBC}") = "Day6Tests", "2019\Day6\Day6Tests\Day6Tests.csproj", "{6AA64289-8C5C-4EFE-BE03-27F6460ADF70}"
EndProject
Project("{FAE04EC0-301F-11D3-BF4B-00C04F79EFBC}") = "Day7-AmplificationCircuit", "2019\Day7\Day7-AmplificationCircuit\Day7-AmplificationCircuit.csproj", "{C2ABE5B3-79D9-4406-BA0E-C673A0B97207}"
EndProject
Project("{FAE04EC0-301F-11D3-BF4B-00C04F79EFBC}") = "Day7Tests", "2019\Day7\Day7Tests\Day7Tests.csproj", "{13315B91-AA3E-41ED-B2AA-001F13DBDD52}"
EndProject
Project("{2150E333-8FDC-42A3-9474-1A3956D46DE8}") = "Intcode", "Intcode", "{34AC0ABD-3854-4B56-89D3-3EA90E830FAD}"
EndProject
Project("{FAE04EC0-301F-11D3-BF4B-00C04F79EFBC}") = "Intcode", "2019\Intcode\Intcode.csproj", "{9C7FA76E-F073-4E43-B483-2F6482E430FE}"
EndProject
Project("{FAE04EC0-301F-11D3-BF4B-00C04F79EFBC}") = "Intcode.Tests", "2019\IntcodeTests\Intcode.Tests.csproj", "{FCE07000-85BC-46A9-92EC-6A5AD13D9D55}"
EndProject
Project("{2150E333-8FDC-42A3-9474-1A3956D46DE8}") = "Day08", "Day08", "{BFD44E40-0147-4FC7-969A-24FE391C22B6}"
EndProject
Project("{2150E333-8FDC-42A3-9474-1A3956D46DE8}") = "Day09", "Day09", "{21DA9D8A-15D5-409E-9D44-CE7436DAE028}"
EndProject
Project("{2150E333-8FDC-42A3-9474-1A3956D46DE8}") = "Day10", "Day10", "{57CBD047-24DF-4D28-8955-244B2455858B}"
EndProject
Project("{FAE04EC0-301F-11D3-BF4B-00C04F79EFBC}") = "Day8-SpaceImageFormat", "2019\Day8\Day8-SpaceImageFormat\Day8-SpaceImageFormat.csproj", "{0F7D90F9-B452-429F-B901-A14B027CF092}"
EndProject
Project("{FAE04EC0-301F-11D3-BF4B-00C04F79EFBC}") = "Day9-SensorBoost", "2019\Day9\Day9-SensorBoost\Day9-SensorBoost.csproj", "{6CD62112-3391-428E-B929-9B7FDE97FFBB}"
EndProject
Project("{FAE04EC0-301F-11D3-BF4B-00C04F79EFBC}") = "Day10-MonitoringStation", "2019\Day10\Day10-MonitoringStation\Day10-MonitoringStation.csproj", "{74E3D400-9239-4ADA-94BF-01A663F29B4E}"
EndProject
Project("{FAE04EC0-301F-11D3-BF4B-00C04F79EFBC}") = "Day10Tests", "2019\Day10\Day10Tests\Day10Tests.csproj", "{CB4C55DD-DB56-4355-9AC3-D5DC257BBB2C}"
EndProject
Project("{2150E333-8FDC-42A3-9474-1A3956D46DE8}") = "Day11", "Day11", "{CADB252C-65C8-4308-81A0-9AD22F63A866}"
EndProject
Project("{2150E333-8FDC-42A3-9474-1A3956D46DE8}") = "Day12", "Day12", "{5EB322B6-0CB5-41D8-8E26-F8C375897554}"
EndProject
Project("{FAE04EC0-301F-11D3-BF4B-00C04F79EFBC}") = "Day11-SpacePolice", "2019\Day11\Day11-SpacePolice\Day11-SpacePolice.csproj", "{E866E873-15F4-4601-A006-E6FA6FD2F886}"
EndProject
Project("{FAE04EC0-301F-11D3-BF4B-00C04F79EFBC}") = "Day12-NBodyProblem", "2019\Day12\Day12-NBodyProblem\Day12-NBodyProblem.csproj", "{7D5EE6AD-CFDB-4A25-AC1D-F202FA56C95E}"
EndProject
Project("{FAE04EC0-301F-11D3-BF4B-00C04F79EFBC}") = "Day12Tests", "2019\Day12\Day12Tests\Day12Tests.csproj", "{F7CB25E3-D198-4F39-A2FB-5229FC42081F}"
EndProject
Global
	GlobalSection(SolutionConfigurationPlatforms) = preSolution
		Debug|Any CPU = Debug|Any CPU
		Release|Any CPU = Release|Any CPU
	EndGlobalSection
	GlobalSection(ProjectConfigurationPlatforms) = postSolution
		{6AF99E61-7643-47C1-BFAE-93867B4553F4}.Debug|Any CPU.ActiveCfg = Debug|Any CPU
		{6AF99E61-7643-47C1-BFAE-93867B4553F4}.Debug|Any CPU.Build.0 = Debug|Any CPU
		{6AF99E61-7643-47C1-BFAE-93867B4553F4}.Release|Any CPU.ActiveCfg = Release|Any CPU
		{6AF99E61-7643-47C1-BFAE-93867B4553F4}.Release|Any CPU.Build.0 = Release|Any CPU
		{D5D14B93-7F86-4B94-B5AB-58C20038C546}.Debug|Any CPU.ActiveCfg = Debug|Any CPU
		{D5D14B93-7F86-4B94-B5AB-58C20038C546}.Debug|Any CPU.Build.0 = Debug|Any CPU
		{D5D14B93-7F86-4B94-B5AB-58C20038C546}.Release|Any CPU.ActiveCfg = Release|Any CPU
		{D5D14B93-7F86-4B94-B5AB-58C20038C546}.Release|Any CPU.Build.0 = Release|Any CPU
		{9F228BF9-6E0E-46A9-8E1F-38C14A5B2430}.Debug|Any CPU.ActiveCfg = Debug|Any CPU
		{9F228BF9-6E0E-46A9-8E1F-38C14A5B2430}.Debug|Any CPU.Build.0 = Debug|Any CPU
		{9F228BF9-6E0E-46A9-8E1F-38C14A5B2430}.Release|Any CPU.ActiveCfg = Release|Any CPU
		{9F228BF9-6E0E-46A9-8E1F-38C14A5B2430}.Release|Any CPU.Build.0 = Release|Any CPU
		{7FC6AF3A-46EC-4571-AA52-D6E3B4394F82}.Debug|Any CPU.ActiveCfg = Debug|Any CPU
		{7FC6AF3A-46EC-4571-AA52-D6E3B4394F82}.Debug|Any CPU.Build.0 = Debug|Any CPU
		{7FC6AF3A-46EC-4571-AA52-D6E3B4394F82}.Release|Any CPU.ActiveCfg = Release|Any CPU
		{7FC6AF3A-46EC-4571-AA52-D6E3B4394F82}.Release|Any CPU.Build.0 = Release|Any CPU
		{A5381B34-FC30-4038-9DDC-C0D07242A5C8}.Debug|Any CPU.ActiveCfg = Debug|Any CPU
								{A5381B34-FC30-4038-9DDC-C0D07242A5C8}.Debug|Any CPU.Build.0 = Debug|Any CPU
								{A5381B34-FC30-4038-9DDC-C0D07242A5C8}.Release|Any CPU.ActiveCfg = Release|Any CPU
								{A5381B34-FC30-4038-9DDC-C0D07242A5C8}.Release|Any CPU.Build.0 = Release|Any CPU
								{5D37A21B-633F-428E-8D06-2E8E74D43067}.Debug|Any CPU.ActiveCfg = Debug|Any CPU
								{5D37A21B-633F-428E-8D06-2E8E74D43067}.Debug|Any CPU.Build.0 = Debug|Any CPU
								{5D37A21B-633F-428E-8D06-2E8E74D43067}.Release|Any CPU.ActiveCfg = Release|Any CPU
								{5D37A21B-633F-428E-8D06-2E8E74D43067}.Release|Any CPU.Build.0 = Release|Any CPU
								{D0944083-A2F7-4394-9BED-5520A476815C}.Debug|Any CPU.ActiveCfg = Debug|Any CPU
								{D0944083-A2F7-4394-9BED-5520A476815C}.Debug|Any CPU.Build.0 = Debug|Any CPU
								{D0944083-A2F7-4394-9BED-5520A476815C}.Release|Any CPU.ActiveCfg = Release|Any CPU
								{D0944083-A2F7-4394-9BED-5520A476815C}.Release|Any CPU.Build.0 = Release|Any CPU
								{2B6DF121-6074-4D2B-9674-66F109808DD8}.Debug|Any CPU.ActiveCfg = Debug|Any CPU
								{2B6DF121-6074-4D2B-9674-66F109808DD8}.Debug|Any CPU.Build.0 = Debug|Any CPU
								{2B6DF121-6074-4D2B-9674-66F109808DD8}.Release|Any CPU.ActiveCfg = Release|Any CPU
								{2B6DF121-6074-4D2B-9674-66F109808DD8}.Release|Any CPU.Build.0 = Release|Any CPU
		{95290C9A-5ACA-4C9A-B091-576ABA8192AE}.Debug|Any CPU.ActiveCfg = Debug|Any CPU
		{95290C9A-5ACA-4C9A-B091-576ABA8192AE}.Debug|Any CPU.Build.0 = Debug|Any CPU
		{95290C9A-5ACA-4C9A-B091-576ABA8192AE}.Release|Any CPU.ActiveCfg = Release|Any CPU
		{95290C9A-5ACA-4C9A-B091-576ABA8192AE}.Release|Any CPU.Build.0 = Release|Any CPU
		{DC63DEA9-F518-4E1D-AFCE-24A88B0382FD}.Debug|Any CPU.ActiveCfg = Debug|Any CPU
		{DC63DEA9-F518-4E1D-AFCE-24A88B0382FD}.Debug|Any CPU.Build.0 = Debug|Any CPU
		{DC63DEA9-F518-4E1D-AFCE-24A88B0382FD}.Release|Any CPU.ActiveCfg = Release|Any CPU
		{DC63DEA9-F518-4E1D-AFCE-24A88B0382FD}.Release|Any CPU.Build.0 = Release|Any CPU
		{B4D05931-666A-4F48-ADC9-04E28A79D90C}.Debug|Any CPU.ActiveCfg = Debug|Any CPU
		{B4D05931-666A-4F48-ADC9-04E28A79D90C}.Debug|Any CPU.Build.0 = Debug|Any CPU
		{B4D05931-666A-4F48-ADC9-04E28A79D90C}.Release|Any CPU.ActiveCfg = Release|Any CPU
		{B4D05931-666A-4F48-ADC9-04E28A79D90C}.Release|Any CPU.Build.0 = Release|Any CPU
		{4A143D0E-FF3C-42ED-B070-35F190A3EC36}.Debug|Any CPU.ActiveCfg = Debug|Any CPU
		{4A143D0E-FF3C-42ED-B070-35F190A3EC36}.Debug|Any CPU.Build.0 = Debug|Any CPU
		{4A143D0E-FF3C-42ED-B070-35F190A3EC36}.Release|Any CPU.ActiveCfg = Release|Any CPU
		{4A143D0E-FF3C-42ED-B070-35F190A3EC36}.Release|Any CPU.Build.0 = Release|Any CPU
		{F2A0366F-B1E0-485F-8215-5A275EE910FA}.Debug|Any CPU.ActiveCfg = Debug|Any CPU
		{F2A0366F-B1E0-485F-8215-5A275EE910FA}.Debug|Any CPU.Build.0 = Debug|Any CPU
		{F2A0366F-B1E0-485F-8215-5A275EE910FA}.Release|Any CPU.ActiveCfg = Release|Any CPU
		{F2A0366F-B1E0-485F-8215-5A275EE910FA}.Release|Any CPU.Build.0 = Release|Any CPU
		{D9D4E449-B2E7-45D6-9CFE-DE68763818F8}.Debug|Any CPU.ActiveCfg = Debug|Any CPU
		{D9D4E449-B2E7-45D6-9CFE-DE68763818F8}.Debug|Any CPU.Build.0 = Debug|Any CPU
		{D9D4E449-B2E7-45D6-9CFE-DE68763818F8}.Release|Any CPU.ActiveCfg = Release|Any CPU
		{D9D4E449-B2E7-45D6-9CFE-DE68763818F8}.Release|Any CPU.Build.0 = Release|Any CPU
		{960A150A-14DA-46C5-9D46-BDF4F5867F7B}.Debug|Any CPU.ActiveCfg = Debug|Any CPU
		{960A150A-14DA-46C5-9D46-BDF4F5867F7B}.Debug|Any CPU.Build.0 = Debug|Any CPU
		{960A150A-14DA-46C5-9D46-BDF4F5867F7B}.Release|Any CPU.ActiveCfg = Release|Any CPU
		{960A150A-14DA-46C5-9D46-BDF4F5867F7B}.Release|Any CPU.Build.0 = Release|Any CPU
		{EABBD5A8-A934-4EE9-B675-6870694C3B53}.Debug|Any CPU.ActiveCfg = Debug|Any CPU
		{EABBD5A8-A934-4EE9-B675-6870694C3B53}.Debug|Any CPU.Build.0 = Debug|Any CPU
		{EABBD5A8-A934-4EE9-B675-6870694C3B53}.Release|Any CPU.ActiveCfg = Release|Any CPU
		{EABBD5A8-A934-4EE9-B675-6870694C3B53}.Release|Any CPU.Build.0 = Release|Any CPU
		{5ED275ED-2AF3-49F3-8A1C-6F2765463C09}.Debug|Any CPU.ActiveCfg = Debug|Any CPU
		{5ED275ED-2AF3-49F3-8A1C-6F2765463C09}.Debug|Any CPU.Build.0 = Debug|Any CPU
		{5ED275ED-2AF3-49F3-8A1C-6F2765463C09}.Release|Any CPU.ActiveCfg = Release|Any CPU
		{5ED275ED-2AF3-49F3-8A1C-6F2765463C09}.Release|Any CPU.Build.0 = Release|Any CPU
		{6AA64289-8C5C-4EFE-BE03-27F6460ADF70}.Debug|Any CPU.ActiveCfg = Debug|Any CPU
		{6AA64289-8C5C-4EFE-BE03-27F6460ADF70}.Debug|Any CPU.Build.0 = Debug|Any CPU
		{6AA64289-8C5C-4EFE-BE03-27F6460ADF70}.Release|Any CPU.ActiveCfg = Release|Any CPU
		{6AA64289-8C5C-4EFE-BE03-27F6460ADF70}.Release|Any CPU.Build.0 = Release|Any CPU
		{C2ABE5B3-79D9-4406-BA0E-C673A0B97207}.Debug|Any CPU.ActiveCfg = Debug|Any CPU
		{C2ABE5B3-79D9-4406-BA0E-C673A0B97207}.Debug|Any CPU.Build.0 = Debug|Any CPU
		{C2ABE5B3-79D9-4406-BA0E-C673A0B97207}.Release|Any CPU.ActiveCfg = Release|Any CPU
		{C2ABE5B3-79D9-4406-BA0E-C673A0B97207}.Release|Any CPU.Build.0 = Release|Any CPU
		{13315B91-AA3E-41ED-B2AA-001F13DBDD52}.Debug|Any CPU.ActiveCfg = Debug|Any CPU
		{13315B91-AA3E-41ED-B2AA-001F13DBDD52}.Debug|Any CPU.Build.0 = Debug|Any CPU
		{13315B91-AA3E-41ED-B2AA-001F13DBDD52}.Release|Any CPU.ActiveCfg = Release|Any CPU
		{13315B91-AA3E-41ED-B2AA-001F13DBDD52}.Release|Any CPU.Build.0 = Release|Any CPU
		{9C7FA76E-F073-4E43-B483-2F6482E430FE}.Debug|Any CPU.ActiveCfg = Debug|Any CPU
		{9C7FA76E-F073-4E43-B483-2F6482E430FE}.Debug|Any CPU.Build.0 = Debug|Any CPU
		{9C7FA76E-F073-4E43-B483-2F6482E430FE}.Release|Any CPU.ActiveCfg = Release|Any CPU
		{9C7FA76E-F073-4E43-B483-2F6482E430FE}.Release|Any CPU.Build.0 = Release|Any CPU
		{FCE07000-85BC-46A9-92EC-6A5AD13D9D55}.Debug|Any CPU.ActiveCfg = Debug|Any CPU
		{FCE07000-85BC-46A9-92EC-6A5AD13D9D55}.Debug|Any CPU.Build.0 = Debug|Any CPU
		{FCE07000-85BC-46A9-92EC-6A5AD13D9D55}.Release|Any CPU.ActiveCfg = Release|Any CPU
		{FCE07000-85BC-46A9-92EC-6A5AD13D9D55}.Release|Any CPU.Build.0 = Release|Any CPU
		{0F7D90F9-B452-429F-B901-A14B027CF092}.Debug|Any CPU.ActiveCfg = Debug|Any CPU
		{0F7D90F9-B452-429F-B901-A14B027CF092}.Debug|Any CPU.Build.0 = Debug|Any CPU
		{0F7D90F9-B452-429F-B901-A14B027CF092}.Release|Any CPU.ActiveCfg = Release|Any CPU
		{0F7D90F9-B452-429F-B901-A14B027CF092}.Release|Any CPU.Build.0 = Release|Any CPU
		{6CD62112-3391-428E-B929-9B7FDE97FFBB}.Debug|Any CPU.ActiveCfg = Debug|Any CPU
		{6CD62112-3391-428E-B929-9B7FDE97FFBB}.Debug|Any CPU.Build.0 = Debug|Any CPU
		{6CD62112-3391-428E-B929-9B7FDE97FFBB}.Release|Any CPU.ActiveCfg = Release|Any CPU
		{6CD62112-3391-428E-B929-9B7FDE97FFBB}.Release|Any CPU.Build.0 = Release|Any CPU
		{74E3D400-9239-4ADA-94BF-01A663F29B4E}.Debug|Any CPU.ActiveCfg = Debug|Any CPU
		{74E3D400-9239-4ADA-94BF-01A663F29B4E}.Debug|Any CPU.Build.0 = Debug|Any CPU
		{74E3D400-9239-4ADA-94BF-01A663F29B4E}.Release|Any CPU.ActiveCfg = Release|Any CPU
		{74E3D400-9239-4ADA-94BF-01A663F29B4E}.Release|Any CPU.Build.0 = Release|Any CPU
		{CB4C55DD-DB56-4355-9AC3-D5DC257BBB2C}.Debug|Any CPU.ActiveCfg = Debug|Any CPU
		{CB4C55DD-DB56-4355-9AC3-D5DC257BBB2C}.Debug|Any CPU.Build.0 = Debug|Any CPU
		{CB4C55DD-DB56-4355-9AC3-D5DC257BBB2C}.Release|Any CPU.ActiveCfg = Release|Any CPU
		{CB4C55DD-DB56-4355-9AC3-D5DC257BBB2C}.Release|Any CPU.Build.0 = Release|Any CPU
		{E866E873-15F4-4601-A006-E6FA6FD2F886}.Debug|Any CPU.ActiveCfg = Debug|Any CPU
		{E866E873-15F4-4601-A006-E6FA6FD2F886}.Debug|Any CPU.Build.0 = Debug|Any CPU
		{E866E873-15F4-4601-A006-E6FA6FD2F886}.Release|Any CPU.ActiveCfg = Release|Any CPU
		{E866E873-15F4-4601-A006-E6FA6FD2F886}.Release|Any CPU.Build.0 = Release|Any CPU
		{7D5EE6AD-CFDB-4A25-AC1D-F202FA56C95E}.Debug|Any CPU.ActiveCfg = Debug|Any CPU
		{7D5EE6AD-CFDB-4A25-AC1D-F202FA56C95E}.Debug|Any CPU.Build.0 = Debug|Any CPU
		{7D5EE6AD-CFDB-4A25-AC1D-F202FA56C95E}.Release|Any CPU.ActiveCfg = Release|Any CPU
		{7D5EE6AD-CFDB-4A25-AC1D-F202FA56C95E}.Release|Any CPU.Build.0 = Release|Any CPU
		{F7CB25E3-D198-4F39-A2FB-5229FC42081F}.Debug|Any CPU.ActiveCfg = Debug|Any CPU
		{F7CB25E3-D198-4F39-A2FB-5229FC42081F}.Debug|Any CPU.Build.0 = Debug|Any CPU
		{F7CB25E3-D198-4F39-A2FB-5229FC42081F}.Release|Any CPU.ActiveCfg = Release|Any CPU
		{F7CB25E3-D198-4F39-A2FB-5229FC42081F}.Release|Any CPU.Build.0 = Release|Any CPU
	EndGlobalSection
	GlobalSection(NestedProjects) = preSolution
		{6AF99E61-7643-47C1-BFAE-93867B4553F4} = {25AFBE81-3CAC-4F65-9853-E8CFD12EDE7D}
		{D5D14B93-7F86-4B94-B5AB-58C20038C546} = {25AFBE81-3CAC-4F65-9853-E8CFD12EDE7D}
		{9F228BF9-6E0E-46A9-8E1F-38C14A5B2430} = {25AFBE81-3CAC-4F65-9853-E8CFD12EDE7D}
		{7FC6AF3A-46EC-4571-AA52-D6E3B4394F82} = {25AFBE81-3CAC-4F65-9853-E8CFD12EDE7D}
		{A5381B34-FC30-4038-9DDC-C0D07242A5C8} = {25AFBE81-3CAC-4F65-9853-E8CFD12EDE7D}
		{5D37A21B-633F-428E-8D06-2E8E74D43067} = {25AFBE81-3CAC-4F65-9853-E8CFD12EDE7D}
		{D0944083-A2F7-4394-9BED-5520A476815C} = {25AFBE81-3CAC-4F65-9853-E8CFD12EDE7D}
		{2B6DF121-6074-4D2B-9674-66F109808DD8} = {25AFBE81-3CAC-4F65-9853-E8CFD12EDE7D}
		{E6FEBBBF-1B15-46E1-8C8D-D75F4D674691} = {D0E1B5C8-2157-4822-AC1A-34E492DAA086}
		{62C5F510-1FDF-43AB-A24D-5F22D6AA8CC6} = {D0E1B5C8-2157-4822-AC1A-34E492DAA086}
		{EAF795EA-AB5E-4D01-8DBB-250F85A60B8C} = {D0E1B5C8-2157-4822-AC1A-34E492DAA086}
		{096A483C-C24A-40AB-A53E-8857819E4DA6} = {D0E1B5C8-2157-4822-AC1A-34E492DAA086}
		{DF09C031-EF46-47F6-91C7-976DEB893142} = {D0E1B5C8-2157-4822-AC1A-34E492DAA086}
		{669EB6A6-A02E-4894-AD2F-1947CC5C4738} = {D0E1B5C8-2157-4822-AC1A-34E492DAA086}
		{D29672D8-93B8-4128-A8C1-54C85D8AB1A0} = {D0E1B5C8-2157-4822-AC1A-34E492DAA086}
		{95290C9A-5ACA-4C9A-B091-576ABA8192AE} = {E6FEBBBF-1B15-46E1-8C8D-D75F4D674691}
		{DC63DEA9-F518-4E1D-AFCE-24A88B0382FD} = {62C5F510-1FDF-43AB-A24D-5F22D6AA8CC6}
		{B4D05931-666A-4F48-ADC9-04E28A79D90C} = {62C5F510-1FDF-43AB-A24D-5F22D6AA8CC6}
		{4A143D0E-FF3C-42ED-B070-35F190A3EC36} = {EAF795EA-AB5E-4D01-8DBB-250F85A60B8C}
		{F2A0366F-B1E0-485F-8215-5A275EE910FA} = {EAF795EA-AB5E-4D01-8DBB-250F85A60B8C}
		{D9D4E449-B2E7-45D6-9CFE-DE68763818F8} = {096A483C-C24A-40AB-A53E-8857819E4DA6}
		{960A150A-14DA-46C5-9D46-BDF4F5867F7B} = {DF09C031-EF46-47F6-91C7-976DEB893142}
		{EABBD5A8-A934-4EE9-B675-6870694C3B53} = {DF09C031-EF46-47F6-91C7-976DEB893142}
		{5ED275ED-2AF3-49F3-8A1C-6F2765463C09} = {669EB6A6-A02E-4894-AD2F-1947CC5C4738}
		{6AA64289-8C5C-4EFE-BE03-27F6460ADF70} = {669EB6A6-A02E-4894-AD2F-1947CC5C4738}
		{C2ABE5B3-79D9-4406-BA0E-C673A0B97207} = {D29672D8-93B8-4128-A8C1-54C85D8AB1A0}
		{13315B91-AA3E-41ED-B2AA-001F13DBDD52} = {D29672D8-93B8-4128-A8C1-54C85D8AB1A0}
		{34AC0ABD-3854-4B56-89D3-3EA90E830FAD} = {D0E1B5C8-2157-4822-AC1A-34E492DAA086}
		{9C7FA76E-F073-4E43-B483-2F6482E430FE} = {34AC0ABD-3854-4B56-89D3-3EA90E830FAD}
		{FCE07000-85BC-46A9-92EC-6A5AD13D9D55} = {34AC0ABD-3854-4B56-89D3-3EA90E830FAD}
		{BFD44E40-0147-4FC7-969A-24FE391C22B6} = {D0E1B5C8-2157-4822-AC1A-34E492DAA086}
		{21DA9D8A-15D5-409E-9D44-CE7436DAE028} = {D0E1B5C8-2157-4822-AC1A-34E492DAA086}
		{57CBD047-24DF-4D28-8955-244B2455858B} = {D0E1B5C8-2157-4822-AC1A-34E492DAA086}
		{0F7D90F9-B452-429F-B901-A14B027CF092} = {BFD44E40-0147-4FC7-969A-24FE391C22B6}
		{6CD62112-3391-428E-B929-9B7FDE97FFBB} = {21DA9D8A-15D5-409E-9D44-CE7436DAE028}
		{74E3D400-9239-4ADA-94BF-01A663F29B4E} = {57CBD047-24DF-4D28-8955-244B2455858B}
		{CB4C55DD-DB56-4355-9AC3-D5DC257BBB2C} = {57CBD047-24DF-4D28-8955-244B2455858B}
		{CADB252C-65C8-4308-81A0-9AD22F63A866} = {D0E1B5C8-2157-4822-AC1A-34E492DAA086}
		{5EB322B6-0CB5-41D8-8E26-F8C375897554} = {D0E1B5C8-2157-4822-AC1A-34E492DAA086}
		{E866E873-15F4-4601-A006-E6FA6FD2F886} = {CADB252C-65C8-4308-81A0-9AD22F63A866}
		{7D5EE6AD-CFDB-4A25-AC1D-F202FA56C95E} = {5EB322B6-0CB5-41D8-8E26-F8C375897554}
		{F7CB25E3-D198-4F39-A2FB-5229FC42081F} = {5EB322B6-0CB5-41D8-8E26-F8C375897554}
	EndGlobalSection
EndGlobal
