
Microsoft Visual Studio Solution File, Format Version 12.00
Project("{FAE04EC0-301F-11D3-BF4B-00C04F79EFBC}") = "Day01", "Day01\Day01.csproj", "{78BD0F97-62A5-4363-A4A6-D59616F1248B}"
EndProject
Project("{FAE04EC0-301F-11D3-BF4B-00C04F79EFBC}") = "Day02", "Day02\Day02.csproj", "{5242F10A-6FFD-4DA9-B57D-3D7516CF1C80}"
EndProject
Global
	GlobalSection(SolutionConfigurationPlatforms) = preSolution
		Debug|Any CPU = Debug|Any CPU
		Release|Any CPU = Release|Any CPU
	EndGlobalSection
	GlobalSection(ProjectConfigurationPlatforms) = postSolution
		{78BD0F97-62A5-4363-A4A6-D59616F1248B}.Debug|Any CPU.ActiveCfg = Debug|Any CPU
		{78BD0F97-62A5-4363-A4A6-D59616F1248B}.Debug|Any CPU.Build.0 = Debug|Any CPU
		{78BD0F97-62A5-4363-A4A6-D59616F1248B}.Release|Any CPU.ActiveCfg = Release|Any CPU
		{78BD0F97-62A5-4363-A4A6-D59616F1248B}.Release|Any CPU.Build.0 = Release|Any CPU
		{5242F10A-6FFD-4DA9-B57D-3D7516CF1C80}.Debug|Any CPU.ActiveCfg = Debug|Any CPU
		{5242F10A-6FFD-4DA9-B57D-3D7516CF1C80}.Debug|Any CPU.Build.0 = Debug|Any CPU
		{5242F10A-6FFD-4DA9-B57D-3D7516CF1C80}.Release|Any CPU.ActiveCfg = Release|Any CPU
		{5242F10A-6FFD-4DA9-B57D-3D7516CF1C80}.Release|Any CPU.Build.0 = Release|Any CPU
	EndGlobalSection
EndGlobal
