
Microsoft Visual Studio Solution File, Format Version 12.00
Project("{FAE04EC0-301F-11D3-BF4B-00C04F79EFBC}") = "Day01", "Day01\Day01.csproj", "{6AE98128-6A94-4999-BB6B-FD6C2588CDC5}"
EndProject
Project("{FAE04EC0-301F-11D3-BF4B-00C04F79EFBC}") = "Day02", "Day02\Day02.csproj", "{11698E62-BD2B-4EC5-83C1-FBA7738A68A6}"
EndProject
Project("{FAE04EC0-301F-11D3-BF4B-00C04F79EFBC}") = "Day03", "Day03\Day03.csproj", "{4BBE8CCD-721E-48C3-9759-B11AF7C87B5D}"
EndProject
Project("{FAE04EC0-301F-11D3-BF4B-00C04F79EFBC}") = "Day04", "Day04\Day04.csproj", "{21BC15F4-32C6-4982-99AF-B8E37B893725}"
EndProject
Global
	GlobalSection(SolutionConfigurationPlatforms) = preSolution
		Debug|Any CPU = Debug|Any CPU
		Release|Any CPU = Release|Any CPU
	EndGlobalSection
	GlobalSection(ProjectConfigurationPlatforms) = postSolution
		{6AE98128-6A94-4999-BB6B-FD6C2588CDC5}.Debug|Any CPU.ActiveCfg = Debug|Any CPU
		{6AE98128-6A94-4999-BB6B-FD6C2588CDC5}.Debug|Any CPU.Build.0 = Debug|Any CPU
		{6AE98128-6A94-4999-BB6B-FD6C2588CDC5}.Release|Any CPU.ActiveCfg = Release|Any CPU
		{6AE98128-6A94-4999-BB6B-FD6C2588CDC5}.Release|Any CPU.Build.0 = Release|Any CPU
		{11698E62-BD2B-4EC5-83C1-FBA7738A68A6}.Debug|Any CPU.ActiveCfg = Debug|Any CPU
		{11698E62-BD2B-4EC5-83C1-FBA7738A68A6}.Debug|Any CPU.Build.0 = Debug|Any CPU
		{11698E62-BD2B-4EC5-83C1-FBA7738A68A6}.Release|Any CPU.ActiveCfg = Release|Any CPU
		{11698E62-BD2B-4EC5-83C1-FBA7738A68A6}.Release|Any CPU.Build.0 = Release|Any CPU
		{4BBE8CCD-721E-48C3-9759-B11AF7C87B5D}.Debug|Any CPU.ActiveCfg = Debug|Any CPU
		{4BBE8CCD-721E-48C3-9759-B11AF7C87B5D}.Debug|Any CPU.Build.0 = Debug|Any CPU
		{4BBE8CCD-721E-48C3-9759-B11AF7C87B5D}.Release|Any CPU.ActiveCfg = Release|Any CPU
		{4BBE8CCD-721E-48C3-9759-B11AF7C87B5D}.Release|Any CPU.Build.0 = Release|Any CPU
		{21BC15F4-32C6-4982-99AF-B8E37B893725}.Debug|Any CPU.ActiveCfg = Debug|Any CPU
		{21BC15F4-32C6-4982-99AF-B8E37B893725}.Debug|Any CPU.Build.0 = Debug|Any CPU
		{21BC15F4-32C6-4982-99AF-B8E37B893725}.Release|Any CPU.ActiveCfg = Release|Any CPU
		{21BC15F4-32C6-4982-99AF-B8E37B893725}.Release|Any CPU.Build.0 = Release|Any CPU
	EndGlobalSection
EndGlobal
